# This file is automatically @generated by Poetry 1.8.3 and should not be changed by hand.

[[package]]
name = "colorama"
version = "0.4.6"
description = "Cross-platform colored terminal text."
optional = false
python-versions = "!=3.0.*,!=3.1.*,!=3.2.*,!=3.3.*,!=3.4.*,!=3.5.*,!=3.6.*,>=2.7"
files = [
    {file = "colorama-0.4.6-py2.py3-none-any.whl", hash = "sha256:4f1d9991f5acc0ca119f9d443620b77f9d6b33703e51011c16baf57afb285fc6"},
    {file = "colorama-0.4.6.tar.gz", hash = "sha256:08695f5cb7ed6e0531a20572697297273c47b8cae5a63ffc6d6ed5c201be6e44"},
]

[[package]]
name = "iniconfig"
version = "2.0.0"
description = "brain-dead simple config-ini parsing"
optional = false
python-versions = ">=3.7"
files = [
    {file = "iniconfig-2.0.0-py3-none-any.whl", hash = "sha256:b6a85871a79d2e3b22d2d1b94ac2824226a63c6b741c88f7ae975f18b6778374"},
    {file = "iniconfig-2.0.0.tar.gz", hash = "sha256:2d91e135bf72d31a410b17c16da610a82cb55f6b0477d1a902134b24a455b8b3"},
]

[[package]]
name = "mypy"
version = "1.11.0"
description = "Optional static typing for Python"
optional = false
python-versions = ">=3.8"
files = [
    {file = "mypy-1.11.0-cp310-cp310-macosx_10_9_x86_64.whl", hash = "sha256:a3824187c99b893f90c845bab405a585d1ced4ff55421fdf5c84cb7710995229"},
    {file = "mypy-1.11.0-cp310-cp310-macosx_11_0_arm64.whl", hash = "sha256:96f8dbc2c85046c81bcddc246232d500ad729cb720da4e20fce3b542cab91287"},
    {file = "mypy-1.11.0-cp310-cp310-manylinux_2_17_x86_64.manylinux2014_x86_64.manylinux_2_28_x86_64.whl", hash = "sha256:1a5d8d8dd8613a3e2be3eae829ee891b6b2de6302f24766ff06cb2875f5be9c6"},
    {file = "mypy-1.11.0-cp310-cp310-musllinux_1_1_x86_64.whl", hash = "sha256:72596a79bbfb195fd41405cffa18210af3811beb91ff946dbcb7368240eed6be"},
    {file = "mypy-1.11.0-cp310-cp310-win_amd64.whl", hash = "sha256:35ce88b8ed3a759634cb4eb646d002c4cef0a38f20565ee82b5023558eb90c00"},
    {file = "mypy-1.11.0-cp311-cp311-macosx_10_9_x86_64.whl", hash = "sha256:98790025861cb2c3db8c2f5ad10fc8c336ed2a55f4daf1b8b3f877826b6ff2eb"},
    {file = "mypy-1.11.0-cp311-cp311-macosx_11_0_arm64.whl", hash = "sha256:25bcfa75b9b5a5f8d67147a54ea97ed63a653995a82798221cca2a315c0238c1"},
    {file = "mypy-1.11.0-cp311-cp311-manylinux_2_17_x86_64.manylinux2014_x86_64.manylinux_2_28_x86_64.whl", hash = "sha256:0bea2a0e71c2a375c9fa0ede3d98324214d67b3cbbfcbd55ac8f750f85a414e3"},
    {file = "mypy-1.11.0-cp311-cp311-musllinux_1_1_x86_64.whl", hash = "sha256:d2b3d36baac48e40e3064d2901f2fbd2a2d6880ec6ce6358825c85031d7c0d4d"},
    {file = "mypy-1.11.0-cp311-cp311-win_amd64.whl", hash = "sha256:d8e2e43977f0e09f149ea69fd0556623919f816764e26d74da0c8a7b48f3e18a"},
    {file = "mypy-1.11.0-cp312-cp312-macosx_10_9_x86_64.whl", hash = "sha256:1d44c1e44a8be986b54b09f15f2c1a66368eb43861b4e82573026e04c48a9e20"},
    {file = "mypy-1.11.0-cp312-cp312-macosx_11_0_arm64.whl", hash = "sha256:cea3d0fb69637944dd321f41bc896e11d0fb0b0aa531d887a6da70f6e7473aba"},
    {file = "mypy-1.11.0-cp312-cp312-manylinux_2_17_x86_64.manylinux2014_x86_64.manylinux_2_28_x86_64.whl", hash = "sha256:a83ec98ae12d51c252be61521aa5731f5512231d0b738b4cb2498344f0b840cd"},
    {file = "mypy-1.11.0-cp312-cp312-musllinux_1_1_x86_64.whl", hash = "sha256:c7b73a856522417beb78e0fb6d33ef89474e7a622db2653bc1285af36e2e3e3d"},
    {file = "mypy-1.11.0-cp312-cp312-win_amd64.whl", hash = "sha256:f2268d9fcd9686b61ab64f077be7ffbc6fbcdfb4103e5dd0cc5eaab53a8886c2"},
    {file = "mypy-1.11.0-cp38-cp38-macosx_10_9_x86_64.whl", hash = "sha256:940bfff7283c267ae6522ef926a7887305945f716a7704d3344d6d07f02df850"},
    {file = "mypy-1.11.0-cp38-cp38-macosx_11_0_arm64.whl", hash = "sha256:14f9294528b5f5cf96c721f231c9f5b2733164e02c1c018ed1a0eff8a18005ac"},
    {file = "mypy-1.11.0-cp38-cp38-manylinux_2_17_x86_64.manylinux2014_x86_64.manylinux_2_28_x86_64.whl", hash = "sha256:d7b54c27783991399046837df5c7c9d325d921394757d09dbcbf96aee4649fe9"},
    {file = "mypy-1.11.0-cp38-cp38-musllinux_1_1_x86_64.whl", hash = "sha256:65f190a6349dec29c8d1a1cd4aa71284177aee5949e0502e6379b42873eddbe7"},
    {file = "mypy-1.11.0-cp38-cp38-win_amd64.whl", hash = "sha256:dbe286303241fea8c2ea5466f6e0e6a046a135a7e7609167b07fd4e7baf151bf"},
    {file = "mypy-1.11.0-cp39-cp39-macosx_10_9_x86_64.whl", hash = "sha256:104e9c1620c2675420abd1f6c44bab7dd33cc85aea751c985006e83dcd001095"},
    {file = "mypy-1.11.0-cp39-cp39-macosx_11_0_arm64.whl", hash = "sha256:f006e955718ecd8d159cee9932b64fba8f86ee6f7728ca3ac66c3a54b0062abe"},
    {file = "mypy-1.11.0-cp39-cp39-manylinux_2_17_x86_64.manylinux2014_x86_64.manylinux_2_28_x86_64.whl", hash = "sha256:becc9111ca572b04e7e77131bc708480cc88a911adf3d0239f974c034b78085c"},
    {file = "mypy-1.11.0-cp39-cp39-musllinux_1_1_x86_64.whl", hash = "sha256:6801319fe76c3f3a3833f2b5af7bd2c17bb93c00026a2a1b924e6762f5b19e13"},
    {file = "mypy-1.11.0-cp39-cp39-win_amd64.whl", hash = "sha256:c1a184c64521dc549324ec6ef7cbaa6b351912be9cb5edb803c2808a0d7e85ac"},
    {file = "mypy-1.11.0-py3-none-any.whl", hash = "sha256:56913ec8c7638b0091ef4da6fcc9136896914a9d60d54670a75880c3e5b99ace"},
    {file = "mypy-1.11.0.tar.gz", hash = "sha256:93743608c7348772fdc717af4aeee1997293a1ad04bc0ea6efa15bf65385c538"},
]

[package.dependencies]
mypy-extensions = ">=1.0.0"
typing-extensions = ">=4.6.0"

[package.extras]
dmypy = ["psutil (>=4.0)"]
install-types = ["pip"]
mypyc = ["setuptools (>=50)"]
reports = ["lxml"]

[[package]]
name = "mypy-extensions"
version = "1.0.0"
description = "Type system extensions for programs checked with the mypy type checker."
optional = false
python-versions = ">=3.5"
files = [
    {file = "mypy_extensions-1.0.0-py3-none-any.whl", hash = "sha256:4392f6c0eb8a5668a69e23d168ffa70f0be9ccfd32b5cc2d26a34ae5b844552d"},
    {file = "mypy_extensions-1.0.0.tar.gz", hash = "sha256:75dbf8955dc00442a438fc4d0666508a9a97b6bd41aa2f0ffe9d2f2725af0782"},
]

[[package]]
name = "packaging"
version = "24.1"
description = "Core utilities for Python packages"
optional = false
python-versions = ">=3.8"
files = [
    {file = "packaging-24.1-py3-none-any.whl", hash = "sha256:5b8f2217dbdbd2f7f384c41c628544e6d52f2d0f53c6d0c3ea61aa5d1d7ff124"},
    {file = "packaging-24.1.tar.gz", hash = "sha256:026ed72c8ed3fcce5bf8950572258698927fd1dbda10a5e981cdf0ac37f4f002"},
]

[[package]]
name = "pluggy"
version = "1.5.0"
description = "plugin and hook calling mechanisms for python"
optional = false
python-versions = ">=3.8"
files = [
    {file = "pluggy-1.5.0-py3-none-any.whl", hash = "sha256:44e1ad92c8ca002de6377e165f3e0f1be63266ab4d554740532335b9d75ea669"},
    {file = "pluggy-1.5.0.tar.gz", hash = "sha256:2cffa88e94fdc978c4c574f15f9e59b7f4201d439195c3715ca9e2486f1d0cf1"},
]

[package.extras]
dev = ["pre-commit", "tox"]
testing = ["pytest", "pytest-benchmark"]

[[package]]
name = "pygame-ce"
version = "2.5.0"
description = "Python Game Development"
optional = false
python-versions = ">=3.8"
files = [
    {file = "pygame_ce-2.5.0-cp310-cp310-macosx_10_11_x86_64.whl", hash = "sha256:408fcfef84a93844c077b1cb7323886548426b2f074845998b43d2029440cd12"},
    {file = "pygame_ce-2.5.0-cp310-cp310-macosx_11_0_arm64.whl", hash = "sha256:7c45632bec67f6fffb2caa5b09511c2796b42c54680477e36253e9b4b3dee7ff"},
    {file = "pygame_ce-2.5.0-cp310-cp310-manylinux_2_17_aarch64.manylinux2014_aarch64.whl", hash = "sha256:d2bf7f4435c66b7f0f8a125c5e4c47a649b627954326f1258de7f2c9bf7e6c0b"},
    {file = "pygame_ce-2.5.0-cp310-cp310-manylinux_2_17_i686.manylinux2014_i686.whl", hash = "sha256:10a61373f1a98e483dee70b21a96f378167ae1a718a3995fce7acc7699059574"},
    {file = "pygame_ce-2.5.0-cp310-cp310-manylinux_2_17_x86_64.manylinux2014_x86_64.whl", hash = "sha256:ce200bec2d40eb15e29a948d7baa894c771fc77261f1a6511e90e99684f27148"},
    {file = "pygame_ce-2.5.0-cp310-cp310-win32.whl", hash = "sha256:9a3c8febec59a26e1be91250e6a040f10265f80f56132960329882df60a8f89b"},
    {file = "pygame_ce-2.5.0-cp310-cp310-win_amd64.whl", hash = "sha256:4a0b67a416190c3b774e9b740cf23a21ba27d2d679994378aa6c4bfa33317f69"},
    {file = "pygame_ce-2.5.0-cp311-cp311-macosx_10_11_x86_64.whl", hash = "sha256:2d6c7d931ed1fd68b5da213663bb8002ea688d5899f026dc4b73be9097c4e2a9"},
    {file = "pygame_ce-2.5.0-cp311-cp311-macosx_11_0_arm64.whl", hash = "sha256:e23dd76207308c4ecaa58cc417670924ba8327f325d61ca96aecc6915ebead22"},
    {file = "pygame_ce-2.5.0-cp311-cp311-manylinux_2_17_aarch64.manylinux2014_aarch64.whl", hash = "sha256:a7f8f251b53d0b0dc68095571f222478531093ac1aec0b96bcfe8551c32bc76d"},
    {file = "pygame_ce-2.5.0-cp311-cp311-manylinux_2_17_i686.manylinux2014_i686.whl", hash = "sha256:7b67975e22f2f0670de5b3570e08b2518d9daf7ed19af51441907ac9804d3e5a"},
    {file = "pygame_ce-2.5.0-cp311-cp311-manylinux_2_17_x86_64.manylinux2014_x86_64.whl", hash = "sha256:5ac59c88d520a0d5a57cf82b952b1b62839bc869757744d1c972ed036c05aad1"},
    {file = "pygame_ce-2.5.0-cp311-cp311-win32.whl", hash = "sha256:09cc46ffb45a2db64f8ee593bee09f883a57fa15936828d2c1d367853ed44bfa"},
    {file = "pygame_ce-2.5.0-cp311-cp311-win_amd64.whl", hash = "sha256:8d78324f2372d22bdb81485b1415b8a6e5c98d69bb65b3ee1bfb2a30f3e5f715"},
    {file = "pygame_ce-2.5.0-cp312-cp312-macosx_10_11_x86_64.whl", hash = "sha256:f20a4f82252e27d31dc111da807803d227f5b16877d904bf511a1cad7ec41596"},
    {file = "pygame_ce-2.5.0-cp312-cp312-macosx_11_0_arm64.whl", hash = "sha256:72f5abd7045d9158c9728ab84449c0eedaebecc56b3fa28b271f77f70c3127bb"},
    {file = "pygame_ce-2.5.0-cp312-cp312-manylinux_2_17_aarch64.manylinux2014_aarch64.whl", hash = "sha256:abef08bdf347b5ec33b98bb162c435749047e790db736594d6f4c85464cd7d35"},
    {file = "pygame_ce-2.5.0-cp312-cp312-manylinux_2_17_i686.manylinux2014_i686.whl", hash = "sha256:18f20596a118403bb9fd7c065aa5c1d846ff6248f2e49b3605ca08a09f73d7a6"},
    {file = "pygame_ce-2.5.0-cp312-cp312-manylinux_2_17_x86_64.manylinux2014_x86_64.whl", hash = "sha256:87ea2512b573e0706c0e3181d9a16dc9f8c71df8cf5dde31b7430f585cd39385"},
    {file = "pygame_ce-2.5.0-cp312-cp312-win32.whl", hash = "sha256:53a23cd31fa38b9908687c84b9d845669735476a10799323dc8adf050fc0b7c6"},
    {file = "pygame_ce-2.5.0-cp312-cp312-win_amd64.whl", hash = "sha256:2b290ca88e70c14b6a5184c54348334167bba35d2eb00c1c9a7e5179bcbaee40"},
    {file = "pygame_ce-2.5.0-cp38-cp38-macosx_10_11_x86_64.whl", hash = "sha256:ca6c3f72ecfc196d87bb53f186bfbd8bc45274aa6bb1265ad419cb2f5501c9df"},
    {file = "pygame_ce-2.5.0-cp38-cp38-macosx_11_0_arm64.whl", hash = "sha256:731dd171e7a54d13f6cb652862a37f32f141e39b18f2ba1e011f5166bd382059"},
    {file = "pygame_ce-2.5.0-cp38-cp38-manylinux_2_17_aarch64.manylinux2014_aarch64.whl", hash = "sha256:2647de29bc5bcd054504e0883663c91b2ffe8a7a10c7c0bce9968d3c06e75959"},
    {file = "pygame_ce-2.5.0-cp38-cp38-manylinux_2_17_i686.manylinux2014_i686.whl", hash = "sha256:48c59cd987870452b4bf26f8061147a509f0c97ee2f1d9f943c40c8f18102340"},
    {file = "pygame_ce-2.5.0-cp38-cp38-manylinux_2_17_x86_64.manylinux2014_x86_64.whl", hash = "sha256:70c90304aa37290d2fc10919871cf1d6ec894c016ef979c1ee3d1e868bda17b0"},
    {file = "pygame_ce-2.5.0-cp38-cp38-win32.whl", hash = "sha256:ef5fbe3f670d4efd6223d863bcd5cfa867167d86ca4c551b11754f748b7367b0"},
    {file = "pygame_ce-2.5.0-cp38-cp38-win_amd64.whl", hash = "sha256:f17aa8d52cfd0bc1f02b7a06c8020bedd2e4de9894ffddfd5642605ce7f92d9a"},
    {file = "pygame_ce-2.5.0-cp39-cp39-macosx_10_11_x86_64.whl", hash = "sha256:204d4b13f9ade51c175bacca7c88e0b0b525a8d9a3798c4d7a3b80553b21321f"},
    {file = "pygame_ce-2.5.0-cp39-cp39-macosx_11_0_arm64.whl", hash = "sha256:eefb3d308e87d9f9bcd568780dff7f3ef96029ad2bba5efae3dc2d147d6aca6e"},
    {file = "pygame_ce-2.5.0-cp39-cp39-manylinux_2_17_aarch64.manylinux2014_aarch64.whl", hash = "sha256:ba7cf80909a7c81eccc3ec8af65041be8f97f441ca3d4ac185cbe2d04cb557eb"},
    {file = "pygame_ce-2.5.0-cp39-cp39-manylinux_2_17_i686.manylinux2014_i686.whl", hash = "sha256:088a4201e16b43409f45b99c5c14bcb84810d09bb46d32a5b9f28eb674f65e03"},
    {file = "pygame_ce-2.5.0-cp39-cp39-manylinux_2_17_x86_64.manylinux2014_x86_64.whl", hash = "sha256:c6737a74be09ab94348f46dae3c6c97493e5928ff6d9e8ac58ce5cc7e5542738"},
    {file = "pygame_ce-2.5.0-cp39-cp39-win32.whl", hash = "sha256:ff2921a685ab0d5c1884b8a931963393b656d98ef9aad4274b5a1c7ad96c8994"},
    {file = "pygame_ce-2.5.0-cp39-cp39-win_amd64.whl", hash = "sha256:6ccc2deb07f457385595d2e77eee2ac6416e5b0e426a18f1d1bbd1600062d4f7"},
    {file = "pygame_ce-2.5.0-pp310-pypy310_pp73-macosx_10_11_x86_64.whl", hash = "sha256:38601022b200d87cd918e0d6d8c99b4e86a1e92e727c325dcaf8a59ad1c667a6"},
    {file = "pygame_ce-2.5.0-pp310-pypy310_pp73-manylinux_2_17_aarch64.manylinux2014_aarch64.whl", hash = "sha256:541df74359a42c254536d48e00b039e7c4ffad54c66b0471bb9f3480133c8b08"},
    {file = "pygame_ce-2.5.0-pp310-pypy310_pp73-manylinux_2_17_i686.manylinux2014_i686.whl", hash = "sha256:94c5e63b49b94d52ed8b60cd888fd119d2825a801356328b310e345854650fec"},
    {file = "pygame_ce-2.5.0-pp310-pypy310_pp73-manylinux_2_17_x86_64.manylinux2014_x86_64.whl", hash = "sha256:df482729ddd6fc45e8329e68d4bb05eb93c06d6527b15f5b2e14146c249b3025"},
    {file = "pygame_ce-2.5.0-pp310-pypy310_pp73-win_amd64.whl", hash = "sha256:eb8f4d3cc70c0ece2105017ffe710468a1cc70f0fbe63d71782f94a929097e88"},
    {file = "pygame_ce-2.5.0-pp38-pypy38_pp73-macosx_10_11_x86_64.whl", hash = "sha256:feb4cb900c7e788cffd1d1c8a9db7097809d974440cdd47871217a489f628604"},
    {file = "pygame_ce-2.5.0-pp38-pypy38_pp73-manylinux_2_17_aarch64.manylinux2014_aarch64.whl", hash = "sha256:8226dab63413dad487cd748cf959aa8c9dfdec9e12122347c2fb14493c7e697a"},
    {file = "pygame_ce-2.5.0-pp38-pypy38_pp73-manylinux_2_17_i686.manylinux2014_i686.whl", hash = "sha256:03503aa4059168a1c4d0c42b95b289496834ef3234d06d1a6e842ed34c32b797"},
    {file = "pygame_ce-2.5.0-pp38-pypy38_pp73-manylinux_2_17_x86_64.manylinux2014_x86_64.whl", hash = "sha256:c4063cb05e924771a90231561826790225a09d7de3f5ed9bef7de8460e9f5b48"},
    {file = "pygame_ce-2.5.0-pp38-pypy38_pp73-win_amd64.whl", hash = "sha256:98f271736e7a7b327bc88ce7e80129d7ea25869660224596a18220ae4e9e7e58"},
    {file = "pygame_ce-2.5.0-pp39-pypy39_pp73-macosx_10_11_x86_64.whl", hash = "sha256:eda9631ba4fa8a46f5c358abfc32473c50ed96408fa9031fdac98e2290a3e56f"},
    {file = "pygame_ce-2.5.0-pp39-pypy39_pp73-manylinux_2_17_aarch64.manylinux2014_aarch64.whl", hash = "sha256:f980f44f13eb178f719599f87f2f3b13afd0ef3ac796761797d16f45c68a15b8"},
    {file = "pygame_ce-2.5.0-pp39-pypy39_pp73-manylinux_2_17_i686.manylinux2014_i686.whl", hash = "sha256:2937ca1d80b40520621c3100c7a4dc47cc912c7f93450fc3dcb92be5e28135c5"},
    {file = "pygame_ce-2.5.0-pp39-pypy39_pp73-manylinux_2_17_x86_64.manylinux2014_x86_64.whl", hash = "sha256:6ef61b7d38b2764f457aaf7b0dcd5b38b2c896c7fb7dc9183254ee128fb280ef"},
    {file = "pygame_ce-2.5.0-pp39-pypy39_pp73-win_amd64.whl", hash = "sha256:60ce604fc29891746ecbe53aa5b1130e329b56e27aa8a6df8ef31fa6515f53e6"},
    {file = "pygame_ce-2.5.0.tar.gz", hash = "sha256:76d47c6b49237ffff7656e4bebc4032a89f6025b70bfad7cb0fb4be2bfdcbe77"},
]

[[package]]
name = "pygame-gui"
version = "0.6.9"
description = "A GUI module for pygame Community Edition"
optional = false
python-versions = ">=3.7"
files = [
    {file = "pygame_gui-0.6.9-py3-none-any.whl", hash = "sha256:562b5372052456b9517530db44b050f8cffc528662b8a29b6e74873a0c0f5e02"},
]

[package.dependencies]
pygame-ce = ">=2.1.4"
python-i18n = ">=0.3.9"

[[package]]
name = "pytest"
version = "7.4.4"
description = "pytest: simple powerful testing with Python"
optional = false
python-versions = ">=3.7"
files = [
    {file = "pytest-7.4.4-py3-none-any.whl", hash = "sha256:b090cdf5ed60bf4c45261be03239c2c1c22df034fbffe691abe93cd80cea01d8"},
    {file = "pytest-7.4.4.tar.gz", hash = "sha256:2cf0005922c6ace4a3e2ec8b4080eb0d9753fdc93107415332f50ce9e7994280"},
]

[package.dependencies]
colorama = {version = "*", markers = "sys_platform == \"win32\""}
iniconfig = "*"
packaging = "*"
pluggy = ">=0.12,<2.0"

[package.extras]
testing = ["argcomplete", "attrs (>=19.2.0)", "hypothesis (>=3.56)", "mock", "nose", "pygments (>=2.7.2)", "requests", "setuptools", "xmlschema"]

[[package]]
name = "python-i18n"
version = "0.3.9"
description = "Translation library for Python"
optional = false
python-versions = "*"
files = [
    {file = "python-i18n-0.3.9.tar.gz", hash = "sha256:df97f3d2364bf3a7ebfbd6cbefe8e45483468e52a9e30b909c6078f5f471e4e8"},
    {file = "python_i18n-0.3.9-py3-none-any.whl", hash = "sha256:bda5b8d889ebd51973e22e53746417bd32783c9bd6780fd27cadbb733915651d"},
]

[package.extras]
yaml = ["pyyaml (>=3.10)"]

[[package]]
name = "ruff"
version = "0.4.10"
description = "An extremely fast Python linter and code formatter, written in Rust."
optional = false
python-versions = ">=3.7"
files = [
    {file = "ruff-0.4.10-py3-none-macosx_10_12_x86_64.whl", hash = "sha256:5c2c4d0859305ac5a16310eec40e4e9a9dec5dcdfbe92697acd99624e8638dac"},
    {file = "ruff-0.4.10-py3-none-macosx_11_0_arm64.whl", hash = "sha256:a79489607d1495685cdd911a323a35871abfb7a95d4f98fc6f85e799227ac46e"},
    {file = "ruff-0.4.10-py3-none-manylinux_2_17_aarch64.manylinux2014_aarch64.whl", hash = "sha256:b1dd1681dfa90a41b8376a61af05cc4dc5ff32c8f14f5fe20dba9ff5deb80cd6"},
    {file = "ruff-0.4.10-py3-none-manylinux_2_17_armv7l.manylinux2014_armv7l.whl", hash = "sha256:c75c53bb79d71310dc79fb69eb4902fba804a81f374bc86a9b117a8d077a1784"},
    {file = "ruff-0.4.10-py3-none-manylinux_2_17_i686.manylinux2014_i686.whl", hash = "sha256:18238c80ee3d9100d3535d8eb15a59c4a0753b45cc55f8bf38f38d6a597b9739"},
    {file = "ruff-0.4.10-py3-none-manylinux_2_17_ppc64.manylinux2014_ppc64.whl", hash = "sha256:d8f71885bce242da344989cae08e263de29752f094233f932d4f5cfb4ef36a81"},
    {file = "ruff-0.4.10-py3-none-manylinux_2_17_ppc64le.manylinux2014_ppc64le.whl", hash = "sha256:330421543bd3222cdfec481e8ff3460e8702ed1e58b494cf9d9e4bf90db52b9d"},
    {file = "ruff-0.4.10-py3-none-manylinux_2_17_s390x.manylinux2014_s390x.whl", hash = "sha256:9e9b6fb3a37b772628415b00c4fc892f97954275394ed611056a4b8a2631365e"},
    {file = "ruff-0.4.10-py3-none-manylinux_2_17_x86_64.manylinux2014_x86_64.whl", hash = "sha256:0f54c481b39a762d48f64d97351048e842861c6662d63ec599f67d515cb417f6"},
    {file = "ruff-0.4.10-py3-none-musllinux_1_2_aarch64.whl", hash = "sha256:67fe086b433b965c22de0b4259ddfe6fa541c95bf418499bedb9ad5fb8d1c631"},
    {file = "ruff-0.4.10-py3-none-musllinux_1_2_armv7l.whl", hash = "sha256:acfaaab59543382085f9eb51f8e87bac26bf96b164839955f244d07125a982ef"},
    {file = "ruff-0.4.10-py3-none-musllinux_1_2_i686.whl", hash = "sha256:3cea07079962b2941244191569cf3a05541477286f5cafea638cd3aa94b56815"},
    {file = "ruff-0.4.10-py3-none-musllinux_1_2_x86_64.whl", hash = "sha256:338a64ef0748f8c3a80d7f05785930f7965d71ca260904a9321d13be24b79695"},
    {file = "ruff-0.4.10-py3-none-win32.whl", hash = "sha256:ffe3cd2f89cb54561c62e5fa20e8f182c0a444934bf430515a4b422f1ab7b7ca"},
    {file = "ruff-0.4.10-py3-none-win_amd64.whl", hash = "sha256:67f67cef43c55ffc8cc59e8e0b97e9e60b4837c8f21e8ab5ffd5d66e196e25f7"},
    {file = "ruff-0.4.10-py3-none-win_arm64.whl", hash = "sha256:dd1fcee327c20addac7916ca4e2653fbbf2e8388d8a6477ce5b4e986b68ae6c0"},
    {file = "ruff-0.4.10.tar.gz", hash = "sha256:3aa4f2bc388a30d346c56524f7cacca85945ba124945fe489952aadb6b5cd804"},
]

[[package]]
name = "typing-extensions"
version = "4.12.2"
description = "Backported and Experimental Type Hints for Python 3.8+"
optional = false
python-versions = ">=3.8"
files = [
    {file = "typing_extensions-4.12.2-py3-none-any.whl", hash = "sha256:04e5ca0351e0f3f85c6853954072df659d0d13fac324d0072316b67d7794700d"},
    {file = "typing_extensions-4.12.2.tar.gz", hash = "sha256:1a7ead55c7e559dd4dee8856e3a88b41225abfe1ce8df57b7c13915fe121ffb8"},
]

[metadata]
lock-version = "2.0"
python-versions = "^3.12"
content-hash = "5d7e511486b60b21f9d3a4c6aa22e09f2cf31cb30764c9082a1fe3c7b0499192"
