# This file is automatically @generated by Poetry 1.7.1 and should not be changed by hand.

[[package]]
name = "colorama"
version = "0.4.6"
description = "Cross-platform colored terminal text."
optional = false
python-versions = "!=3.0.*,!=3.1.*,!=3.2.*,!=3.3.*,!=3.4.*,!=3.5.*,!=3.6.*,>=2.7"
files = [
    {file = "colorama-0.4.6-py2.py3-none-any.whl", hash = "sha256:4f1d9991f5acc0ca119f9d443620b77f9d6b33703e51011c16baf57afb285fc6"},
    {file = "colorama-0.4.6.tar.gz", hash = "sha256:08695f5cb7ed6e0531a20572697297273c47b8cae5a63ffc6d6ed5c201be6e44"},
]

[[package]]
name = "iniconfig"
version = "2.0.0"
description = "brain-dead simple config-ini parsing"
optional = false
python-versions = ">=3.7"
files = [
    {file = "iniconfig-2.0.0-py3-none-any.whl", hash = "sha256:b6a85871a79d2e3b22d2d1b94ac2824226a63c6b741c88f7ae975f18b6778374"},
    {file = "iniconfig-2.0.0.tar.gz", hash = "sha256:2d91e135bf72d31a410b17c16da610a82cb55f6b0477d1a902134b24a455b8b3"},
]

[[package]]
name = "mypy"
version = "1.9.0"
description = "Optional static typing for Python"
optional = false
python-versions = ">=3.8"
files = [
    {file = "mypy-1.9.0-cp310-cp310-macosx_10_9_x86_64.whl", hash = "sha256:f8a67616990062232ee4c3952f41c779afac41405806042a8126fe96e098419f"},
    {file = "mypy-1.9.0-cp310-cp310-macosx_11_0_arm64.whl", hash = "sha256:d357423fa57a489e8c47b7c85dfb96698caba13d66e086b412298a1a0ea3b0ed"},
    {file = "mypy-1.9.0-cp310-cp310-manylinux_2_17_x86_64.manylinux2014_x86_64.whl", hash = "sha256:49c87c15aed320de9b438ae7b00c1ac91cd393c1b854c2ce538e2a72d55df150"},
    {file = "mypy-1.9.0-cp310-cp310-musllinux_1_1_x86_64.whl", hash = "sha256:48533cdd345c3c2e5ef48ba3b0d3880b257b423e7995dada04248725c6f77374"},
    {file = "mypy-1.9.0-cp310-cp310-win_amd64.whl", hash = "sha256:4d3dbd346cfec7cb98e6cbb6e0f3c23618af826316188d587d1c1bc34f0ede03"},
    {file = "mypy-1.9.0-cp311-cp311-macosx_10_9_x86_64.whl", hash = "sha256:653265f9a2784db65bfca694d1edd23093ce49740b2244cde583aeb134c008f3"},
    {file = "mypy-1.9.0-cp311-cp311-macosx_11_0_arm64.whl", hash = "sha256:3a3c007ff3ee90f69cf0a15cbcdf0995749569b86b6d2f327af01fd1b8aee9dc"},
    {file = "mypy-1.9.0-cp311-cp311-manylinux_2_17_x86_64.manylinux2014_x86_64.whl", hash = "sha256:2418488264eb41f69cc64a69a745fad4a8f86649af4b1041a4c64ee61fc61129"},
    {file = "mypy-1.9.0-cp311-cp311-musllinux_1_1_x86_64.whl", hash = "sha256:68edad3dc7d70f2f17ae4c6c1b9471a56138ca22722487eebacfd1eb5321d612"},
    {file = "mypy-1.9.0-cp311-cp311-win_amd64.whl", hash = "sha256:85ca5fcc24f0b4aeedc1d02f93707bccc04733f21d41c88334c5482219b1ccb3"},
    {file = "mypy-1.9.0-cp312-cp312-macosx_10_9_x86_64.whl", hash = "sha256:aceb1db093b04db5cd390821464504111b8ec3e351eb85afd1433490163d60cd"},
    {file = "mypy-1.9.0-cp312-cp312-macosx_11_0_arm64.whl", hash = "sha256:0235391f1c6f6ce487b23b9dbd1327b4ec33bb93934aa986efe8a9563d9349e6"},
    {file = "mypy-1.9.0-cp312-cp312-manylinux_2_17_x86_64.manylinux2014_x86_64.whl", hash = "sha256:d4d5ddc13421ba3e2e082a6c2d74c2ddb3979c39b582dacd53dd5d9431237185"},
    {file = "mypy-1.9.0-cp312-cp312-musllinux_1_1_x86_64.whl", hash = "sha256:190da1ee69b427d7efa8aa0d5e5ccd67a4fb04038c380237a0d96829cb157913"},
    {file = "mypy-1.9.0-cp312-cp312-win_amd64.whl", hash = "sha256:fe28657de3bfec596bbeef01cb219833ad9d38dd5393fc649f4b366840baefe6"},
    {file = "mypy-1.9.0-cp38-cp38-macosx_10_9_x86_64.whl", hash = "sha256:e54396d70be04b34f31d2edf3362c1edd023246c82f1730bbf8768c28db5361b"},
    {file = "mypy-1.9.0-cp38-cp38-macosx_11_0_arm64.whl", hash = "sha256:5e6061f44f2313b94f920e91b204ec600982961e07a17e0f6cd83371cb23f5c2"},
    {file = "mypy-1.9.0-cp38-cp38-manylinux_2_17_x86_64.manylinux2014_x86_64.whl", hash = "sha256:81a10926e5473c5fc3da8abb04119a1f5811a236dc3a38d92015cb1e6ba4cb9e"},
    {file = "mypy-1.9.0-cp38-cp38-musllinux_1_1_x86_64.whl", hash = "sha256:b685154e22e4e9199fc95f298661deea28aaede5ae16ccc8cbb1045e716b3e04"},
    {file = "mypy-1.9.0-cp38-cp38-win_amd64.whl", hash = "sha256:5d741d3fc7c4da608764073089e5f58ef6352bedc223ff58f2f038c2c4698a89"},
    {file = "mypy-1.9.0-cp39-cp39-macosx_10_9_x86_64.whl", hash = "sha256:587ce887f75dd9700252a3abbc9c97bbe165a4a630597845c61279cf32dfbf02"},
    {file = "mypy-1.9.0-cp39-cp39-macosx_11_0_arm64.whl", hash = "sha256:f88566144752999351725ac623471661c9d1cd8caa0134ff98cceeea181789f4"},
    {file = "mypy-1.9.0-cp39-cp39-manylinux_2_17_x86_64.manylinux2014_x86_64.whl", hash = "sha256:61758fabd58ce4b0720ae1e2fea5cfd4431591d6d590b197775329264f86311d"},
    {file = "mypy-1.9.0-cp39-cp39-musllinux_1_1_x86_64.whl", hash = "sha256:e49499be624dead83927e70c756970a0bc8240e9f769389cdf5714b0784ca6bf"},
    {file = "mypy-1.9.0-cp39-cp39-win_amd64.whl", hash = "sha256:571741dc4194b4f82d344b15e8837e8c5fcc462d66d076748142327626a1b6e9"},
    {file = "mypy-1.9.0-py3-none-any.whl", hash = "sha256:a260627a570559181a9ea5de61ac6297aa5af202f06fd7ab093ce74e7181e43e"},
    {file = "mypy-1.9.0.tar.gz", hash = "sha256:3cc5da0127e6a478cddd906068496a97a7618a21ce9b54bde5bf7e539c7af974"},
]

[package.dependencies]
mypy-extensions = ">=1.0.0"
typing-extensions = ">=4.1.0"

[package.extras]
dmypy = ["psutil (>=4.0)"]
install-types = ["pip"]
mypyc = ["setuptools (>=50)"]
reports = ["lxml"]

[[package]]
name = "mypy-extensions"
version = "1.0.0"
description = "Type system extensions for programs checked with the mypy type checker."
optional = false
python-versions = ">=3.5"
files = [
    {file = "mypy_extensions-1.0.0-py3-none-any.whl", hash = "sha256:4392f6c0eb8a5668a69e23d168ffa70f0be9ccfd32b5cc2d26a34ae5b844552d"},
    {file = "mypy_extensions-1.0.0.tar.gz", hash = "sha256:75dbf8955dc00442a438fc4d0666508a9a97b6bd41aa2f0ffe9d2f2725af0782"},
]

[[package]]
name = "packaging"
version = "23.1"
description = "Core utilities for Python packages"
optional = false
python-versions = ">=3.7"
files = [
    {file = "packaging-23.1-py3-none-any.whl", hash = "sha256:994793af429502c4ea2ebf6bf664629d07c1a9fe974af92966e4b8d2df7edc61"},
    {file = "packaging-23.1.tar.gz", hash = "sha256:a392980d2b6cffa644431898be54b0045151319d1e7ec34f0cfed48767dd334f"},
]

[[package]]
name = "pluggy"
version = "1.2.0"
description = "plugin and hook calling mechanisms for python"
optional = false
python-versions = ">=3.7"
files = [
    {file = "pluggy-1.2.0-py3-none-any.whl", hash = "sha256:c2fd55a7d7a3863cba1a013e4e2414658b1d07b6bc57b3919e0c63c9abb99849"},
    {file = "pluggy-1.2.0.tar.gz", hash = "sha256:d12f0c4b579b15f5e054301bb226ee85eeeba08ffec228092f8defbaa3a4c4b3"},
]

[package.extras]
dev = ["pre-commit", "tox"]
testing = ["pytest", "pytest-benchmark"]

[[package]]
name = "pygame"
version = "2.5.0"
description = "Python Game Development"
optional = false
python-versions = ">=3.6"
files = [
    {file = "pygame-2.5.0-cp310-cp310-macosx_10_9_x86_64.whl", hash = "sha256:e34a2b5660acc298d0a66ce16f13a7ca1c56c2a685e40afef3a0cf6eaf3f44b3"},
    {file = "pygame-2.5.0-cp310-cp310-macosx_11_0_arm64.whl", hash = "sha256:875dbde88b899fb7f48d6f0e87f70c3dcc8ee87a947c3df817d949a9741dbcf5"},
    {file = "pygame-2.5.0-cp310-cp310-manylinux_2_17_aarch64.manylinux2014_aarch64.whl", hash = "sha256:854dc9106210d1a3a83914af53fc234c0bed65a39f5e6098a8eb489da354ad0c"},
    {file = "pygame-2.5.0-cp310-cp310-manylinux_2_17_i686.manylinux2014_i686.whl", hash = "sha256:7e1898db0fd7b868a31c29204813f447c59390350fd806904d80bebde094f3f8"},
    {file = "pygame-2.5.0-cp310-cp310-manylinux_2_17_x86_64.manylinux2014_x86_64.whl", hash = "sha256:22d5eac9b9936c7dc2813a750bc8efd53234ad1afc32eb99d6f64bb403c2b9aa"},
    {file = "pygame-2.5.0-cp310-cp310-win32.whl", hash = "sha256:e9eed550b8921080a3c7524202822fc2cf7226e0ffd3c4e4d16510ba44b24e6f"},
    {file = "pygame-2.5.0-cp310-cp310-win_amd64.whl", hash = "sha256:93128beb1154c443f05a66bfbf3f1d4eb8659157ab3b45e4a0454e5905440431"},
    {file = "pygame-2.5.0-cp311-cp311-macosx_10_9_x86_64.whl", hash = "sha256:c71d5b3ec232113cbd2e23a19eb01eef1818db41892d0d5efbac3901f940da66"},
    {file = "pygame-2.5.0-cp311-cp311-macosx_11_0_arm64.whl", hash = "sha256:b763062b1996de26a28600e7a8f138d5b36ba0ddd63c65ccbd06124cd95bab70"},
    {file = "pygame-2.5.0-cp311-cp311-manylinux_2_17_aarch64.manylinux2014_aarch64.whl", hash = "sha256:e5b6a42109f922352c524565fceb22bf8f8b6e4b00d38306e6f5b4c673048f4a"},
    {file = "pygame-2.5.0-cp311-cp311-manylinux_2_17_i686.manylinux2014_i686.whl", hash = "sha256:3bcb19c8ee3fc794ab3a7cb5b5fb1ad38da6866dfbba4af3699a84a828c8a4b9"},
    {file = "pygame-2.5.0-cp311-cp311-manylinux_2_17_x86_64.manylinux2014_x86_64.whl", hash = "sha256:c66b7abc38511c7ca08c5bb58a3bfc14fa51b4e5f85a1786777afc9e584a14dd"},
    {file = "pygame-2.5.0-cp311-cp311-win32.whl", hash = "sha256:46cf1c9b20fb11c7d836c02dd5fc2ca843b699c0e2bc4130cf4ad2f855db5f7f"},
    {file = "pygame-2.5.0-cp311-cp311-win_amd64.whl", hash = "sha256:f7b77b5019a9a6342535f53c75cef912b218cd24e98505828418f135aacc0a1b"},
    {file = "pygame-2.5.0-cp312-cp312-manylinux_2_17_aarch64.manylinux2014_aarch64.whl", hash = "sha256:7ddec0c823fd0869fe4a75ba906dcb7889db0e0c289ce8c03d4ce0a67351ab66"},
    {file = "pygame-2.5.0-cp312-cp312-manylinux_2_17_i686.manylinux2014_i686.whl", hash = "sha256:bae93ce29b8337a5e02507603094c51740c9f496272ef070e2624e9647776568"},
    {file = "pygame-2.5.0-cp312-cp312-manylinux_2_17_x86_64.manylinux2014_x86_64.whl", hash = "sha256:c80a1ad38d11102b4dfa0519aa2a26fea534503b259872609acc9adb1860884e"},
    {file = "pygame-2.5.0-cp312-cp312-win32.whl", hash = "sha256:8ffebcafda0add8072f82999498113be37494694fa36e02155cfaf1a0ba56fe2"},
    {file = "pygame-2.5.0-cp312-cp312-win_amd64.whl", hash = "sha256:574e310ba708da0c34b71c4158aa7cdca3cf3e16c4100dcd1d3c931a9c6705b4"},
    {file = "pygame-2.5.0-cp36-cp36m-macosx_10_9_x86_64.whl", hash = "sha256:275e4fab379620c3b262cd58c457eea80001e91bc2e04d306ddb0ba548c969bf"},
    {file = "pygame-2.5.0-cp36-cp36m-manylinux_2_17_aarch64.manylinux2014_aarch64.whl", hash = "sha256:c116a96a2784bd1724476dbf9c48bfea466ee493a736bdfa04ecbc3f193de0bc"},
    {file = "pygame-2.5.0-cp36-cp36m-manylinux_2_17_i686.manylinux2014_i686.whl", hash = "sha256:d4a0787ade8723323a3ba874bb725010bb08990a77327fc85f42474f3a840447"},
    {file = "pygame-2.5.0-cp36-cp36m-manylinux_2_17_x86_64.manylinux2014_x86_64.whl", hash = "sha256:c1cb39b660da1b56a1704ec4aa72bac538030786e23607fb25b8a66f357ffe3a"},
    {file = "pygame-2.5.0-cp36-cp36m-win32.whl", hash = "sha256:d051420667dd9fc8103b3cf994c03e46ee90b1c4a72c174737b8c14729ddf68e"},
    {file = "pygame-2.5.0-cp36-cp36m-win_amd64.whl", hash = "sha256:6b58356510b7c38836eb81cf08983b58f280da99580d4f17e89ed0ddb707c29c"},
    {file = "pygame-2.5.0-cp37-cp37m-macosx_10_9_x86_64.whl", hash = "sha256:80f167d8fcec7cd3107f829784ad721b1b7532c19fdf42b3aabbb51f7347850f"},
    {file = "pygame-2.5.0-cp37-cp37m-manylinux_2_17_aarch64.manylinux2014_aarch64.whl", hash = "sha256:ef96e9a2d8fd9526b89657d192c42dd7c551bfa381fa98ec52d45443e9713818"},
    {file = "pygame-2.5.0-cp37-cp37m-manylinux_2_17_i686.manylinux2014_i686.whl", hash = "sha256:e21d53279fb504b267ae06b565b72d9f95ecbf1f2dd8c705329b287f38295d98"},
    {file = "pygame-2.5.0-cp37-cp37m-manylinux_2_17_x86_64.manylinux2014_x86_64.whl", hash = "sha256:147cc0256a5df1316590f351febf6205ef2907564fb0d902935834b91e183486"},
    {file = "pygame-2.5.0-cp37-cp37m-win32.whl", hash = "sha256:e47696154d689180e4eea8c1d6f2bac923986119219db6ad0d2e60ab1f525e8c"},
    {file = "pygame-2.5.0-cp37-cp37m-win_amd64.whl", hash = "sha256:4c87fa8fa1f3ea94069119accd6d4b5fbf869c2b2954a19b45162dfb3b7c885e"},
    {file = "pygame-2.5.0-cp38-cp38-macosx_10_9_x86_64.whl", hash = "sha256:143550078ab10f290cd7c8715a46853e0dc598fd6cdd1561ecb4d6e3116a6b26"},
    {file = "pygame-2.5.0-cp38-cp38-macosx_11_0_arm64.whl", hash = "sha256:969de806bed49b28972862acba652f05ece9420bbdf5f925c970c6a18a9fd1f9"},
    {file = "pygame-2.5.0-cp38-cp38-manylinux_2_17_aarch64.manylinux2014_aarch64.whl", hash = "sha256:c5d3b0da31ea341b86ef96d6b13c0ddcb25f5320186b7215bc870f08119d2f80"},
    {file = "pygame-2.5.0-cp38-cp38-manylinux_2_17_i686.manylinux2014_i686.whl", hash = "sha256:b23effd50121468f1dc41022230485bff515154191a9d343224850aa3ed3b7f0"},
    {file = "pygame-2.5.0-cp38-cp38-manylinux_2_17_x86_64.manylinux2014_x86_64.whl", hash = "sha256:bce4116db6924b544ff8ff03f7ef681c8baf9c6e039a1ec21e26b4ebdaa0e994"},
    {file = "pygame-2.5.0-cp38-cp38-win32.whl", hash = "sha256:50a89c15412506d95e98792435f49a73101788db30ad9c562f611c7aa7b437fa"},
    {file = "pygame-2.5.0-cp38-cp38-win_amd64.whl", hash = "sha256:df1d8affdbe9f417cc7141581e3d08e4b09f708060d3127d2016fd591b2e4f68"},
    {file = "pygame-2.5.0-cp39-cp39-macosx_10_9_x86_64.whl", hash = "sha256:99965da24d0bf138d9ac6b7494b9a12781c1510cf936616d1d0c46a736777f6a"},
    {file = "pygame-2.5.0-cp39-cp39-macosx_11_0_arm64.whl", hash = "sha256:daa81057c1beb71a9fb96253457197ad03ee988ba546a166f253bd92a98a9a11"},
    {file = "pygame-2.5.0-cp39-cp39-manylinux_2_17_aarch64.manylinux2014_aarch64.whl", hash = "sha256:3ca85da605f6621c99c05f272a5dcf85bf0badcdca45f16ff2bee9a9d41ae042"},
    {file = "pygame-2.5.0-cp39-cp39-manylinux_2_17_i686.manylinux2014_i686.whl", hash = "sha256:603d403997d46b07022097861c8b0ff76c6192f8a2f5f89f1a6a978d4411b715"},
    {file = "pygame-2.5.0-cp39-cp39-manylinux_2_17_x86_64.manylinux2014_x86_64.whl", hash = "sha256:7babaeac11544f3e4d7a15756a27f943dc5fff276481fdc9d90415a903ad31a9"},
    {file = "pygame-2.5.0-cp39-cp39-win32.whl", hash = "sha256:9d2126f91699223f0c36845d1c7b2cdfe2f1753ef85b8410ea613e8bd212ca33"},
    {file = "pygame-2.5.0-cp39-cp39-win_amd64.whl", hash = "sha256:8062adc409f0b2742d7996b9b470494025c5e3b73d0d03e3798708dcf5d195cd"},
    {file = "pygame-2.5.0-pp36-pypy36_pp73-win32.whl", hash = "sha256:1bd14adf6151b6ac2f617a8fd71621f1c125209c41a359d3c1cf4bf3904dba5f"},
    {file = "pygame-2.5.0-pp37-pypy37_pp73-manylinux_2_17_i686.manylinux2014_i686.whl", hash = "sha256:2b11708f1c7b1671db15246275adcb18cf384f5f7e73532e26999968876c5099"},
    {file = "pygame-2.5.0-pp37-pypy37_pp73-manylinux_2_17_x86_64.manylinux2014_x86_64.whl", hash = "sha256:6830e431575697f7a11f7731798445242e37eb07ae9007f7be33083f700e9b1e"},
    {file = "pygame-2.5.0-pp38-pypy38_pp73-macosx_10_9_x86_64.whl", hash = "sha256:7dd80addfdf7dc1f0e04f81c98acb96580726783172256f2ebc955a967e84124"},
    {file = "pygame-2.5.0-pp38-pypy38_pp73-manylinux_2_17_i686.manylinux2014_i686.whl", hash = "sha256:1c2cbd9d1a0a3969d6e1c6b0741279c843b4a36ef3804d324874d0a2f0e49816"},
    {file = "pygame-2.5.0-pp38-pypy38_pp73-manylinux_2_17_x86_64.manylinux2014_x86_64.whl", hash = "sha256:ef373b9865c740f18236f2324e17e7f2111e27c6a4a5b67c490c72a8a8b8de77"},
    {file = "pygame-2.5.0-pp39-pypy39_pp73-macosx_10_9_x86_64.whl", hash = "sha256:3959038a3e2034cee3f15471786a3bac35baeaa1f7503dc7402bb49d25b5ddbc"},
    {file = "pygame-2.5.0-pp39-pypy39_pp73-manylinux_2_17_i686.manylinux2014_i686.whl", hash = "sha256:583d9c8ad033ad51da8485427139d047afb649f49e42d4fa88477f73734ad4b0"},
    {file = "pygame-2.5.0-pp39-pypy39_pp73-manylinux_2_17_x86_64.manylinux2014_x86_64.whl", hash = "sha256:13b650e925d2e8c82c16bdeae6e7fc5d6ca4ac659a1412da4ecd923ef9d688cb"},
    {file = "pygame-2.5.0.tar.gz", hash = "sha256:edd5745b79435976d92c0a7318aedcafcb7ac4567125ac6ba88aa473559ef9ab"},
]

[[package]]
name = "pygame-ce"
version = "2.4.1"
description = "Python Game Development"
optional = false
python-versions = ">=3.8"
files = [
    {file = "pygame-ce-2.4.1.tar.gz", hash = "sha256:70a84aa1417c633a0fd6754ffa5dc92ee1b9aeb70baaa52c8c8c94a7c6db9cf0"},
    {file = "pygame_ce-2.4.1-cp310-cp310-macosx_10_11_x86_64.whl", hash = "sha256:d1a932298657ea63fedba0c5fdff018ff5c7a92718df58102de23f0646f1720a"},
    {file = "pygame_ce-2.4.1-cp310-cp310-macosx_11_0_arm64.whl", hash = "sha256:560e502bb53678bd323011b486ac140a31579e2c792b1c61fcd0a375eb3bb579"},
    {file = "pygame_ce-2.4.1-cp310-cp310-manylinux_2_17_aarch64.manylinux2014_aarch64.whl", hash = "sha256:ba19c6f260e3df61fdc4782755c0adac62290ba029207c2a214730cb865e0a1f"},
    {file = "pygame_ce-2.4.1-cp310-cp310-manylinux_2_17_i686.manylinux2014_i686.whl", hash = "sha256:0e11cdef4c3c76d84f2c2fab61cc05ad118e2161768ddc8ff2db6b971e60af12"},
    {file = "pygame_ce-2.4.1-cp310-cp310-manylinux_2_17_x86_64.manylinux2014_x86_64.whl", hash = "sha256:51dac117469b16cd97bcd74f5e16e085fa44c96346108ee8821843c02877818a"},
    {file = "pygame_ce-2.4.1-cp310-cp310-win32.whl", hash = "sha256:3d7abf5f174ab5bce2a94914506c80ce979722b7002e23c1b51ef11d1aa30409"},
    {file = "pygame_ce-2.4.1-cp310-cp310-win_amd64.whl", hash = "sha256:5b7b2b2f75b833912b620b04a2f1e17cd3a45414d4b8ebd2cdb67c74bdd9b734"},
    {file = "pygame_ce-2.4.1-cp311-cp311-macosx_10_11_x86_64.whl", hash = "sha256:9b48f93b2a7cbd4c7ffe949c39129f7ce07942a8de3371f6b56347361cf601b0"},
    {file = "pygame_ce-2.4.1-cp311-cp311-macosx_11_0_arm64.whl", hash = "sha256:5b1b354de323b516af2660f14f2efe24ad3a818d859cfb99fbfcedda01518bcc"},
    {file = "pygame_ce-2.4.1-cp311-cp311-manylinux_2_17_aarch64.manylinux2014_aarch64.whl", hash = "sha256:4404b63202fc6328fd80cc2ee335e0e22c36f012a33733ad61e1c41de15182d9"},
    {file = "pygame_ce-2.4.1-cp311-cp311-manylinux_2_17_i686.manylinux2014_i686.whl", hash = "sha256:9cd31f46391262e0c31068e9957b8a6d569119eedb9a2452720dd4736735369f"},
    {file = "pygame_ce-2.4.1-cp311-cp311-manylinux_2_17_x86_64.manylinux2014_x86_64.whl", hash = "sha256:2156c7c4a06a27c5372b72d63e9d32bbedf9dc0ce22d72f06eea00246c2d73b6"},
    {file = "pygame_ce-2.4.1-cp311-cp311-win32.whl", hash = "sha256:d6f832b6b352e1fd6fc67074a00a2b082c18e6e6bc4190e827dabe9605fba5c1"},
    {file = "pygame_ce-2.4.1-cp311-cp311-win_amd64.whl", hash = "sha256:60f4ff63be4fa3b5a20f014988a5bb588be176acc774ca079c5494f500b53295"},
    {file = "pygame_ce-2.4.1-cp312-cp312-macosx_10_11_x86_64.whl", hash = "sha256:a197952d4446b9cffcfc3c0b3ae396a36279925ad3ba920f85327e87c903608d"},
    {file = "pygame_ce-2.4.1-cp312-cp312-macosx_11_0_arm64.whl", hash = "sha256:6fca3cf129daf8a75a1fac441756600addfd2f47fcfbb24cc744c6824cec9076"},
    {file = "pygame_ce-2.4.1-cp312-cp312-manylinux_2_17_aarch64.manylinux2014_aarch64.whl", hash = "sha256:3495d07eb78f4a4e7dc46b0a6fc1d9fbbaaa0205cbcfaf19108409fbf837018b"},
    {file = "pygame_ce-2.4.1-cp312-cp312-manylinux_2_17_i686.manylinux2014_i686.whl", hash = "sha256:bb34ecc0989e2852c14746828c6c696263b60e4bf67f18987dde9df3e1de09dc"},
    {file = "pygame_ce-2.4.1-cp312-cp312-manylinux_2_17_x86_64.manylinux2014_x86_64.whl", hash = "sha256:a1635743e0daa9a09992339b25f09c802c45e1ec93c8e600c5d3bd2639ad5d97"},
    {file = "pygame_ce-2.4.1-cp312-cp312-win32.whl", hash = "sha256:50f315e3002373650d4ca4d8e4bdc34fdfd5d2c1b7e1bbf36a7dc78db68de7e5"},
    {file = "pygame_ce-2.4.1-cp312-cp312-win_amd64.whl", hash = "sha256:42a324f14e4f8485ec180cd7bc912caf48d580599c58d6caa1d83b5e5ed251c7"},
    {file = "pygame_ce-2.4.1-cp38-cp38-macosx_10_11_x86_64.whl", hash = "sha256:e37db7e8555a845fdf2ad2bf91ef7ba3af363d79f7f7a706139fe340860319cc"},
    {file = "pygame_ce-2.4.1-cp38-cp38-macosx_11_0_arm64.whl", hash = "sha256:6bb68112dcb5cadc82d8166d08cca7ebf6d512d59f0d30c972f302de4dfd2106"},
    {file = "pygame_ce-2.4.1-cp38-cp38-manylinux_2_17_aarch64.manylinux2014_aarch64.whl", hash = "sha256:4086732bc167a515d76d54caf79b0cbee36dac7f01547f5743b5b677a82bd315"},
    {file = "pygame_ce-2.4.1-cp38-cp38-manylinux_2_17_i686.manylinux2014_i686.whl", hash = "sha256:51cba484d7a94e2ceb5360eef0157778ddcb34afbf8ffb7045e9f57edb8ad105"},
    {file = "pygame_ce-2.4.1-cp38-cp38-manylinux_2_17_x86_64.manylinux2014_x86_64.whl", hash = "sha256:50fd863edd88a635e1098acd082e9e6c02c7fd40725cc4da1bfa67696ea8e126"},
    {file = "pygame_ce-2.4.1-cp38-cp38-win32.whl", hash = "sha256:928a91744a30b24a8c553ae4809b76e738ff910e65866be42ab9c89909743077"},
    {file = "pygame_ce-2.4.1-cp38-cp38-win_amd64.whl", hash = "sha256:0ead167d28712716bbac2a26b851b0e9657f5ab2edb163f3d24b1d32de46efe3"},
    {file = "pygame_ce-2.4.1-cp39-cp39-macosx_10_11_x86_64.whl", hash = "sha256:b6b9aafa538b7102b290fd533caf84f869f747a187bf9e68010e12a40dedfb9e"},
    {file = "pygame_ce-2.4.1-cp39-cp39-macosx_11_0_arm64.whl", hash = "sha256:be5fea1b601f7f4834d53b3dc178e8a96a5c1dcfbcd13aba9e94681c98ab146e"},
    {file = "pygame_ce-2.4.1-cp39-cp39-manylinux_2_17_aarch64.manylinux2014_aarch64.whl", hash = "sha256:7abef7fc4b49bced79a0e180e76e941b5507b9ff8901167d1fe6d6e18bf24f79"},
    {file = "pygame_ce-2.4.1-cp39-cp39-manylinux_2_17_i686.manylinux2014_i686.whl", hash = "sha256:5c3d786b165975fa18b74e6addff70c3c3fed2df3c7d26c82337eb24a60920c0"},
    {file = "pygame_ce-2.4.1-cp39-cp39-manylinux_2_17_x86_64.manylinux2014_x86_64.whl", hash = "sha256:54f4b4936fb204f7fe9effe1ced306da6d06ccd7482224ea75eb09c594a27e24"},
    {file = "pygame_ce-2.4.1-cp39-cp39-win32.whl", hash = "sha256:2f69b98d203a44e3ba1fe0e8e71dcac3b230a345d59980e927639f58e68c97d6"},
    {file = "pygame_ce-2.4.1-cp39-cp39-win_amd64.whl", hash = "sha256:8bf8c85edb6f9dcd97737ddcb61eb5cee5541ef5007955c6c7417af0159a5a31"},
    {file = "pygame_ce-2.4.1-pp310-pypy310_pp73-macosx_10_11_x86_64.whl", hash = "sha256:9695cd834b962faf654edcb81a7a69768b0409c341aa63cb5443da98fef69c68"},
    {file = "pygame_ce-2.4.1-pp310-pypy310_pp73-manylinux_2_17_aarch64.manylinux2014_aarch64.whl", hash = "sha256:6529ce436de8b420797ec05a963d6ecfd2be6b33c8d251b9abebfdef5bfa1a6f"},
    {file = "pygame_ce-2.4.1-pp310-pypy310_pp73-manylinux_2_17_i686.manylinux2014_i686.whl", hash = "sha256:2626966acea89c15bcd09f19589e104cda04692ff9dcccf3e97999e17f7b318f"},
    {file = "pygame_ce-2.4.1-pp310-pypy310_pp73-manylinux_2_17_x86_64.manylinux2014_x86_64.whl", hash = "sha256:752103605b9b6485373c234488abb05f50929d915799784a62dd1782ae17e489"},
    {file = "pygame_ce-2.4.1-pp310-pypy310_pp73-win_amd64.whl", hash = "sha256:a67cde0186b415fe2d5815f1d2d4afd7bed261465eaba00f075e5f549b975761"},
    {file = "pygame_ce-2.4.1-pp38-pypy38_pp73-macosx_10_11_x86_64.whl", hash = "sha256:9d304812feaad6345ddcf0c86f448a97e6dc6337e45b7d55b1a3308f55d728e7"},
    {file = "pygame_ce-2.4.1-pp38-pypy38_pp73-manylinux_2_17_aarch64.manylinux2014_aarch64.whl", hash = "sha256:7e8acddf0c42163ec6fa3e24d65c179ca840bc304b826882ec17849ced49e649"},
    {file = "pygame_ce-2.4.1-pp38-pypy38_pp73-manylinux_2_17_i686.manylinux2014_i686.whl", hash = "sha256:28d5d812344e9151d05b4cf2714cc04d6fcb28cf8fe4c682c207c7483634a428"},
    {file = "pygame_ce-2.4.1-pp38-pypy38_pp73-manylinux_2_17_x86_64.manylinux2014_x86_64.whl", hash = "sha256:c5402524398219a88c73eab0584e880e8c1e029ecbdb4e94bc2bde566b6ec69e"},
    {file = "pygame_ce-2.4.1-pp38-pypy38_pp73-win_amd64.whl", hash = "sha256:3897ae41dd59a59c4d690c81c53c076a3ea022176684d1869fb46ba98b06ebb2"},
    {file = "pygame_ce-2.4.1-pp39-pypy39_pp73-macosx_10_11_x86_64.whl", hash = "sha256:2beedd02a1a6b25bf7a145def1164e160001ef34556edfec9968bbcb8ad05cc3"},
    {file = "pygame_ce-2.4.1-pp39-pypy39_pp73-manylinux_2_17_aarch64.manylinux2014_aarch64.whl", hash = "sha256:32c7d1bc60d9375188f6586b0e30a66db07443739f1c119e7cc2bc7c8ad898f4"},
    {file = "pygame_ce-2.4.1-pp39-pypy39_pp73-manylinux_2_17_i686.manylinux2014_i686.whl", hash = "sha256:1598a8e43e39b775066265696bf8e7e55b3e5205670f167295702ee661547db2"},
    {file = "pygame_ce-2.4.1-pp39-pypy39_pp73-manylinux_2_17_x86_64.manylinux2014_x86_64.whl", hash = "sha256:875c359b278b44905e7bde3bd9507ed0aa66e85efc7fce4df3e671b20af079b3"},
    {file = "pygame_ce-2.4.1-pp39-pypy39_pp73-win_amd64.whl", hash = "sha256:e67e3a749c581d198f3e512d8750671749e233cd8712d386086de04cebf556e3"},
]

[[package]]
name = "pygame-gui"
version = "0.6.10"
description = "A GUI module for pygame Community Edition"
optional = false
python-versions = ">=3.8"
files = [
    {file = "pygame_gui-0.6.10-py3-none-any.whl", hash = "sha256:9ced1a7b5bd5a661dd4a6b89425b1319d7fbcc2912129d4eb2ab0a54d9809c7b"},
]

[package.dependencies]
pygame-ce = ">=2.4.0"
python-i18n = ">=0.3.9"

[[package]]
name = "pytest"
version = "7.4.0"
description = "pytest: simple powerful testing with Python"
optional = false
python-versions = ">=3.7"
files = [
    {file = "pytest-7.4.0-py3-none-any.whl", hash = "sha256:78bf16451a2eb8c7a2ea98e32dc119fd2aa758f1d5d66dbf0a59d69a3969df32"},
    {file = "pytest-7.4.0.tar.gz", hash = "sha256:b4bf8c45bd59934ed84001ad51e11b4ee40d40a1229d2c79f9c592b0a3f6bd8a"},
]

[package.dependencies]
colorama = {version = "*", markers = "sys_platform == \"win32\""}
iniconfig = "*"
packaging = "*"
pluggy = ">=0.12,<2.0"

[package.extras]
testing = ["argcomplete", "attrs (>=19.2.0)", "hypothesis (>=3.56)", "mock", "nose", "pygments (>=2.7.2)", "requests", "setuptools", "xmlschema"]

[[package]]
name = "python-i18n"
version = "0.3.9"
description = "Translation library for Python"
optional = false
python-versions = "*"
files = [
    {file = "python-i18n-0.3.9.tar.gz", hash = "sha256:df97f3d2364bf3a7ebfbd6cbefe8e45483468e52a9e30b909c6078f5f471e4e8"},
    {file = "python_i18n-0.3.9-py3-none-any.whl", hash = "sha256:bda5b8d889ebd51973e22e53746417bd32783c9bd6780fd27cadbb733915651d"},
]

[package.extras]
yaml = ["pyyaml (>=3.10)"]

[[package]]
name = "ruff"
version = "0.4.1"
description = "An extremely fast Python linter and code formatter, written in Rust."
optional = false
python-versions = ">=3.7"
files = [
    {file = "ruff-0.4.1-py3-none-macosx_10_12_x86_64.macosx_11_0_arm64.macosx_10_12_universal2.whl", hash = "sha256:2d9ef6231e3fbdc0b8c72404a1a0c46fd0dcea84efca83beb4681c318ea6a953"},
    {file = "ruff-0.4.1-py3-none-macosx_10_12_x86_64.whl", hash = "sha256:9485f54a7189e6f7433e0058cf8581bee45c31a25cd69009d2a040d1bd4bfaef"},
    {file = "ruff-0.4.1-py3-none-manylinux_2_17_aarch64.manylinux2014_aarch64.whl", hash = "sha256:d2921ac03ce1383e360e8a95442ffb0d757a6a7ddd9a5be68561a671e0e5807e"},
    {file = "ruff-0.4.1-py3-none-manylinux_2_17_armv7l.manylinux2014_armv7l.whl", hash = "sha256:eec8d185fe193ad053eda3a6be23069e0c8ba8c5d20bc5ace6e3b9e37d246d3f"},
    {file = "ruff-0.4.1-py3-none-manylinux_2_17_i686.manylinux2014_i686.whl", hash = "sha256:baa27d9d72a94574d250f42b7640b3bd2edc4c58ac8ac2778a8c82374bb27984"},
    {file = "ruff-0.4.1-py3-none-manylinux_2_17_ppc64.manylinux2014_ppc64.whl", hash = "sha256:f1ee41580bff1a651339eb3337c20c12f4037f6110a36ae4a2d864c52e5ef954"},
    {file = "ruff-0.4.1-py3-none-manylinux_2_17_ppc64le.manylinux2014_ppc64le.whl", hash = "sha256:0926cefb57fc5fced629603fbd1a23d458b25418681d96823992ba975f050c2b"},
    {file = "ruff-0.4.1-py3-none-manylinux_2_17_s390x.manylinux2014_s390x.whl", hash = "sha256:2c6e37f2e3cd74496a74af9a4fa67b547ab3ca137688c484749189bf3a686ceb"},
    {file = "ruff-0.4.1-py3-none-manylinux_2_17_x86_64.manylinux2014_x86_64.whl", hash = "sha256:efd703a5975ac1998c2cc5e9494e13b28f31e66c616b0a76e206de2562e0843c"},
    {file = "ruff-0.4.1-py3-none-musllinux_1_2_aarch64.whl", hash = "sha256:b92f03b4aa9fa23e1799b40f15f8b95cdc418782a567d6c43def65e1bbb7f1cf"},
    {file = "ruff-0.4.1-py3-none-musllinux_1_2_armv7l.whl", hash = "sha256:1c859f294f8633889e7d77de228b203eb0e9a03071b72b5989d89a0cf98ee262"},
    {file = "ruff-0.4.1-py3-none-musllinux_1_2_i686.whl", hash = "sha256:b34510141e393519a47f2d7b8216fec747ea1f2c81e85f076e9f2910588d4b64"},
    {file = "ruff-0.4.1-py3-none-musllinux_1_2_x86_64.whl", hash = "sha256:6e68d248ed688b9d69fd4d18737edcbb79c98b251bba5a2b031ce2470224bdf9"},
    {file = "ruff-0.4.1-py3-none-win32.whl", hash = "sha256:b90506f3d6d1f41f43f9b7b5ff845aeefabed6d2494307bc7b178360a8805252"},
    {file = "ruff-0.4.1-py3-none-win_amd64.whl", hash = "sha256:c7d391e5936af5c9e252743d767c564670dc3889aff460d35c518ee76e4b26d7"},
    {file = "ruff-0.4.1-py3-none-win_arm64.whl", hash = "sha256:a1eaf03d87e6a7cd5e661d36d8c6e874693cb9bc3049d110bc9a97b350680c43"},
    {file = "ruff-0.4.1.tar.gz", hash = "sha256:d592116cdbb65f8b1b7e2a2b48297eb865f6bdc20641879aa9d7b9c11d86db79"},
]

[[package]]
name = "typing-extensions"
version = "4.8.0"
description = "Backported and Experimental Type Hints for Python 3.8+"
optional = false
python-versions = ">=3.8"
files = [
    {file = "typing_extensions-4.8.0-py3-none-any.whl", hash = "sha256:8f92fc8806f9a6b641eaa5318da32b44d401efaac0f6678c9bc448ba3605faa0"},
    {file = "typing_extensions-4.8.0.tar.gz", hash = "sha256:df8e4339e9cb77357558cbdbceca33c303714cf861d1eef15e1070055ae8b7ef"},
]

[metadata]
lock-version = "2.0"
python-versions = "^3.11"
content-hash = "a98c5e4c8515d9069026b4d75d0c9e05642873e879beb873d268e5fef318180e"
