# This file is automatically @generated by Poetry 1.7.1 and should not be changed by hand.

[[package]]
name = "colorama"
version = "0.4.6"
description = "Cross-platform colored terminal text."
optional = false
python-versions = "!=3.0.*,!=3.1.*,!=3.2.*,!=3.3.*,!=3.4.*,!=3.5.*,!=3.6.*,>=2.7"
files = [
    {file = "colorama-0.4.6-py2.py3-none-any.whl", hash = "sha256:4f1d9991f5acc0ca119f9d443620b77f9d6b33703e51011c16baf57afb285fc6"},
    {file = "colorama-0.4.6.tar.gz", hash = "sha256:08695f5cb7ed6e0531a20572697297273c47b8cae5a63ffc6d6ed5c201be6e44"},
]

[[package]]
name = "iniconfig"
version = "2.0.0"
description = "brain-dead simple config-ini parsing"
optional = false
python-versions = ">=3.7"
files = [
    {file = "iniconfig-2.0.0-py3-none-any.whl", hash = "sha256:b6a85871a79d2e3b22d2d1b94ac2824226a63c6b741c88f7ae975f18b6778374"},
    {file = "iniconfig-2.0.0.tar.gz", hash = "sha256:2d91e135bf72d31a410b17c16da610a82cb55f6b0477d1a902134b24a455b8b3"},
]

[[package]]
name = "mypy"
version = "1.10.0"
description = "Optional static typing for Python"
optional = false
python-versions = ">=3.8"
files = [
    {file = "mypy-1.10.0-cp310-cp310-macosx_10_9_x86_64.whl", hash = "sha256:da1cbf08fb3b851ab3b9523a884c232774008267b1f83371ace57f412fe308c2"},
    {file = "mypy-1.10.0-cp310-cp310-macosx_11_0_arm64.whl", hash = "sha256:12b6bfc1b1a66095ab413160a6e520e1dc076a28f3e22f7fb25ba3b000b4ef99"},
    {file = "mypy-1.10.0-cp310-cp310-manylinux_2_17_x86_64.manylinux2014_x86_64.whl", hash = "sha256:9e36fb078cce9904c7989b9693e41cb9711e0600139ce3970c6ef814b6ebc2b2"},
    {file = "mypy-1.10.0-cp310-cp310-musllinux_1_1_x86_64.whl", hash = "sha256:2b0695d605ddcd3eb2f736cd8b4e388288c21e7de85001e9f85df9187f2b50f9"},
    {file = "mypy-1.10.0-cp310-cp310-win_amd64.whl", hash = "sha256:cd777b780312ddb135bceb9bc8722a73ec95e042f911cc279e2ec3c667076051"},
    {file = "mypy-1.10.0-cp311-cp311-macosx_10_9_x86_64.whl", hash = "sha256:3be66771aa5c97602f382230165b856c231d1277c511c9a8dd058be4784472e1"},
    {file = "mypy-1.10.0-cp311-cp311-macosx_11_0_arm64.whl", hash = "sha256:8b2cbaca148d0754a54d44121b5825ae71868c7592a53b7292eeb0f3fdae95ee"},
    {file = "mypy-1.10.0-cp311-cp311-manylinux_2_17_x86_64.manylinux2014_x86_64.whl", hash = "sha256:1ec404a7cbe9fc0e92cb0e67f55ce0c025014e26d33e54d9e506a0f2d07fe5de"},
    {file = "mypy-1.10.0-cp311-cp311-musllinux_1_1_x86_64.whl", hash = "sha256:e22e1527dc3d4aa94311d246b59e47f6455b8729f4968765ac1eacf9a4760bc7"},
    {file = "mypy-1.10.0-cp311-cp311-win_amd64.whl", hash = "sha256:a87dbfa85971e8d59c9cc1fcf534efe664d8949e4c0b6b44e8ca548e746a8d53"},
    {file = "mypy-1.10.0-cp312-cp312-macosx_10_9_x86_64.whl", hash = "sha256:a781f6ad4bab20eef8b65174a57e5203f4be627b46291f4589879bf4e257b97b"},
    {file = "mypy-1.10.0-cp312-cp312-macosx_11_0_arm64.whl", hash = "sha256:b808e12113505b97d9023b0b5e0c0705a90571c6feefc6f215c1df9381256e30"},
    {file = "mypy-1.10.0-cp312-cp312-manylinux_2_17_x86_64.manylinux2014_x86_64.whl", hash = "sha256:8f55583b12156c399dce2df7d16f8a5095291354f1e839c252ec6c0611e86e2e"},
    {file = "mypy-1.10.0-cp312-cp312-musllinux_1_1_x86_64.whl", hash = "sha256:4cf18f9d0efa1b16478c4c129eabec36148032575391095f73cae2e722fcf9d5"},
    {file = "mypy-1.10.0-cp312-cp312-win_amd64.whl", hash = "sha256:bc6ac273b23c6b82da3bb25f4136c4fd42665f17f2cd850771cb600bdd2ebeda"},
    {file = "mypy-1.10.0-cp38-cp38-macosx_10_9_x86_64.whl", hash = "sha256:9fd50226364cd2737351c79807775136b0abe084433b55b2e29181a4c3c878c0"},
    {file = "mypy-1.10.0-cp38-cp38-macosx_11_0_arm64.whl", hash = "sha256:f90cff89eea89273727d8783fef5d4a934be2fdca11b47def50cf5d311aff727"},
    {file = "mypy-1.10.0-cp38-cp38-manylinux_2_17_x86_64.manylinux2014_x86_64.whl", hash = "sha256:fcfc70599efde5c67862a07a1aaf50e55bce629ace26bb19dc17cece5dd31ca4"},
    {file = "mypy-1.10.0-cp38-cp38-musllinux_1_1_x86_64.whl", hash = "sha256:075cbf81f3e134eadaf247de187bd604748171d6b79736fa9b6c9685b4083061"},
    {file = "mypy-1.10.0-cp38-cp38-win_amd64.whl", hash = "sha256:3f298531bca95ff615b6e9f2fc0333aae27fa48052903a0ac90215021cdcfa4f"},
    {file = "mypy-1.10.0-cp39-cp39-macosx_10_9_x86_64.whl", hash = "sha256:fa7ef5244615a2523b56c034becde4e9e3f9b034854c93639adb667ec9ec2976"},
    {file = "mypy-1.10.0-cp39-cp39-macosx_11_0_arm64.whl", hash = "sha256:3236a4c8f535a0631f85f5fcdffba71c7feeef76a6002fcba7c1a8e57c8be1ec"},
    {file = "mypy-1.10.0-cp39-cp39-manylinux_2_17_x86_64.manylinux2014_x86_64.whl", hash = "sha256:4a2b5cdbb5dd35aa08ea9114436e0d79aceb2f38e32c21684dcf8e24e1e92821"},
    {file = "mypy-1.10.0-cp39-cp39-musllinux_1_1_x86_64.whl", hash = "sha256:92f93b21c0fe73dc00abf91022234c79d793318b8a96faac147cd579c1671746"},
    {file = "mypy-1.10.0-cp39-cp39-win_amd64.whl", hash = "sha256:28d0e038361b45f099cc086d9dd99c15ff14d0188f44ac883010e172ce86c38a"},
    {file = "mypy-1.10.0-py3-none-any.whl", hash = "sha256:f8c083976eb530019175aabadb60921e73b4f45736760826aa1689dda8208aee"},
    {file = "mypy-1.10.0.tar.gz", hash = "sha256:3d087fcbec056c4ee34974da493a826ce316947485cef3901f511848e687c131"},
]

[package.dependencies]
mypy-extensions = ">=1.0.0"
typing-extensions = ">=4.1.0"

[package.extras]
dmypy = ["psutil (>=4.0)"]
install-types = ["pip"]
mypyc = ["setuptools (>=50)"]
reports = ["lxml"]

[[package]]
name = "mypy-extensions"
version = "1.0.0"
description = "Type system extensions for programs checked with the mypy type checker."
optional = false
python-versions = ">=3.5"
files = [
    {file = "mypy_extensions-1.0.0-py3-none-any.whl", hash = "sha256:4392f6c0eb8a5668a69e23d168ffa70f0be9ccfd32b5cc2d26a34ae5b844552d"},
    {file = "mypy_extensions-1.0.0.tar.gz", hash = "sha256:75dbf8955dc00442a438fc4d0666508a9a97b6bd41aa2f0ffe9d2f2725af0782"},
]

[[package]]
name = "packaging"
version = "24.0"
description = "Core utilities for Python packages"
optional = false
python-versions = ">=3.7"
files = [
    {file = "packaging-24.0-py3-none-any.whl", hash = "sha256:2ddfb553fdf02fb784c234c7ba6ccc288296ceabec964ad2eae3777778130bc5"},
    {file = "packaging-24.0.tar.gz", hash = "sha256:eb82c5e3e56209074766e6885bb04b8c38a0c015d0a30036ebe7ece34c9989e9"},
]

[[package]]
name = "pluggy"
version = "1.5.0"
description = "plugin and hook calling mechanisms for python"
optional = false
python-versions = ">=3.8"
files = [
    {file = "pluggy-1.5.0-py3-none-any.whl", hash = "sha256:44e1ad92c8ca002de6377e165f3e0f1be63266ab4d554740532335b9d75ea669"},
    {file = "pluggy-1.5.0.tar.gz", hash = "sha256:2cffa88e94fdc978c4c574f15f9e59b7f4201d439195c3715ca9e2486f1d0cf1"},
]

[package.extras]
dev = ["pre-commit", "tox"]
testing = ["pytest", "pytest-benchmark"]

[[package]]
name = "pygame"
version = "2.5.2"
description = "Python Game Development"
optional = false
python-versions = ">=3.6"
files = [
    {file = "pygame-2.5.2-cp310-cp310-macosx_10_9_x86_64.whl", hash = "sha256:a0769eb628c818761755eb0a0ca8216b95270ea8cbcbc82227e39ac9644643da"},
    {file = "pygame-2.5.2-cp310-cp310-macosx_11_0_arm64.whl", hash = "sha256:ed9a3d98adafa0805ccbaaff5d2996a2b5795381285d8437a4a5d248dbd12b4a"},
    {file = "pygame-2.5.2-cp310-cp310-manylinux_2_17_aarch64.manylinux2014_aarch64.whl", hash = "sha256:f30d1618672a55e8c6669281ba264464b3ab563158e40d89e8c8b3faa0febebd"},
    {file = "pygame-2.5.2-cp310-cp310-manylinux_2_17_i686.manylinux2014_i686.whl", hash = "sha256:39690e9be9baf58b7359d1f3b2336e1fd6f92fedbbce42987be5df27f8d30718"},
    {file = "pygame-2.5.2-cp310-cp310-manylinux_2_17_x86_64.manylinux2014_x86_64.whl", hash = "sha256:03879ec299c9f4ba23901b2649a96b2143f0a5d787f0b6c39469989e2320caf1"},
    {file = "pygame-2.5.2-cp310-cp310-win32.whl", hash = "sha256:74e1d6284100e294f445832e6f6343be4fe4748decc4f8a51131ae197dae8584"},
    {file = "pygame-2.5.2-cp310-cp310-win_amd64.whl", hash = "sha256:485239c7d32265fd35b76ae8f64f34b0637ae11e69d76de15710c4b9edcc7c8d"},
    {file = "pygame-2.5.2-cp311-cp311-macosx_10_9_x86_64.whl", hash = "sha256:34646ca20e163dc6f6cf8170f1e12a2e41726780112594ac061fa448cf7ccd75"},
    {file = "pygame-2.5.2-cp311-cp311-macosx_11_0_arm64.whl", hash = "sha256:3b8a6e351665ed26ea791f0e1fd649d3f483e8681892caef9d471f488f9ea5ee"},
    {file = "pygame-2.5.2-cp311-cp311-manylinux_2_17_aarch64.manylinux2014_aarch64.whl", hash = "sha256:dc346965847aef00013fa2364f41a64f068cd096dcc7778fc306ca3735f0eedf"},
    {file = "pygame-2.5.2-cp311-cp311-manylinux_2_17_i686.manylinux2014_i686.whl", hash = "sha256:35632035fd81261f2d797fa810ea8c46111bd78ceb6089d52b61ed7dc3c5d05f"},
    {file = "pygame-2.5.2-cp311-cp311-manylinux_2_17_x86_64.manylinux2014_x86_64.whl", hash = "sha256:0e24d05184e4195fe5ebcdce8b18ecb086f00182b9ae460a86682d312ce8d31f"},
    {file = "pygame-2.5.2-cp311-cp311-win32.whl", hash = "sha256:f02c1c7505af18d426d355ac9872bd5c916b27f7b0fe224749930662bea47a50"},
    {file = "pygame-2.5.2-cp311-cp311-win_amd64.whl", hash = "sha256:6d58c8cf937815d3b7cdc0fa9590c5129cb2c9658b72d00e8a4568dea2ff1d42"},
    {file = "pygame-2.5.2-cp312-cp312-macosx_10_9_x86_64.whl", hash = "sha256:1a2a43802bb5e89ce2b3b775744e78db4f9a201bf8d059b946c61722840ceea8"},
    {file = "pygame-2.5.2-cp312-cp312-macosx_11_0_arm64.whl", hash = "sha256:1c289f2613c44fe70a1e40769de4a49c5ab5a29b9376f1692bb1a15c9c1c9bfa"},
    {file = "pygame-2.5.2-cp312-cp312-manylinux_2_17_aarch64.manylinux2014_aarch64.whl", hash = "sha256:074aa6c6e110c925f7f27f00c7733c6303407edc61d738882985091d1eb2ef17"},
    {file = "pygame-2.5.2-cp312-cp312-manylinux_2_17_i686.manylinux2014_i686.whl", hash = "sha256:fe0228501ec616779a0b9c4299e837877783e18df294dd690b9ab0eed3d8aaab"},
    {file = "pygame-2.5.2-cp312-cp312-manylinux_2_17_x86_64.manylinux2014_x86_64.whl", hash = "sha256:31648d38ecdc2335ffc0e38fb18a84b3339730521505dac68514f83a1092e3f4"},
    {file = "pygame-2.5.2-cp312-cp312-win32.whl", hash = "sha256:224c308856334bc792f696e9278e50d099a87c116f7fc314cd6aa3ff99d21592"},
    {file = "pygame-2.5.2-cp312-cp312-win_amd64.whl", hash = "sha256:dd2d2650faf54f9a0f5bd0db8409f79609319725f8f08af6507a0609deadcad4"},
    {file = "pygame-2.5.2-cp36-cp36m-macosx_10_9_x86_64.whl", hash = "sha256:9b30bc1220c457169571aac998e54b013aaeb732d2fd8744966cb1cfab1f61d1"},
    {file = "pygame-2.5.2-cp36-cp36m-manylinux_2_17_aarch64.manylinux2014_aarch64.whl", hash = "sha256:78fcd7643358b886a44127ff7dec9041c056c212b3a98977674f83f99e9b12d3"},
    {file = "pygame-2.5.2-cp36-cp36m-manylinux_2_17_i686.manylinux2014_i686.whl", hash = "sha256:35cf093a51cb294ede56c29d4acf41538c00f297fcf78a9b186fb7d23c0577b6"},
    {file = "pygame-2.5.2-cp36-cp36m-manylinux_2_17_x86_64.manylinux2014_x86_64.whl", hash = "sha256:6fe323acbf53a0195c8c98b1b941eba7ac24e3e2b28ae48e8cda566f15fc4945"},
    {file = "pygame-2.5.2-cp36-cp36m-win32.whl", hash = "sha256:5697528266b4716d9cdd44a5a1d210f4d86ef801d0f64ca5da5d0816704009d9"},
    {file = "pygame-2.5.2-cp36-cp36m-win_amd64.whl", hash = "sha256:edda1f7cff4806a4fa39e0e8ccd75f38d1d340fa5fc52d8582ade87aca247d92"},
    {file = "pygame-2.5.2-cp37-cp37m-macosx_10_9_x86_64.whl", hash = "sha256:9bd738fd4ecc224769d0b4a719f96900a86578e26e0105193658a32966df2aae"},
    {file = "pygame-2.5.2-cp37-cp37m-manylinux_2_17_aarch64.manylinux2014_aarch64.whl", hash = "sha256:30a8d7cf12363b4140bf2f93b5eec4028376ca1d0fe4b550588f836279485308"},
    {file = "pygame-2.5.2-cp37-cp37m-manylinux_2_17_i686.manylinux2014_i686.whl", hash = "sha256:bc12e4dea3e88ea8a553de6d56a37b704dbe2aed95105889f6afeb4b96e62097"},
    {file = "pygame-2.5.2-cp37-cp37m-manylinux_2_17_x86_64.manylinux2014_x86_64.whl", hash = "sha256:2b34c73cb328024f8db3cb6487a37e54000148988275d8d6e5adf99d9323c937"},
    {file = "pygame-2.5.2-cp37-cp37m-win32.whl", hash = "sha256:7d0a2794649defa57ef50b096a99f7113d3d0c2e32d1426cafa7d618eadce4c7"},
    {file = "pygame-2.5.2-cp37-cp37m-win_amd64.whl", hash = "sha256:41f8779f52e0f6e6e6ccb8f0b5536e432bf386ee29c721a1c22cada7767b0cef"},
    {file = "pygame-2.5.2-cp38-cp38-macosx_10_9_x86_64.whl", hash = "sha256:677e37bc0ea7afd89dde5a88ced4458aa8656159c70a576eea68b5622ee1997b"},
    {file = "pygame-2.5.2-cp38-cp38-macosx_11_0_arm64.whl", hash = "sha256:47a8415d2bd60e6909823b5643a1d4ef5cc29417d817f2a214b255f6fa3a1e4c"},
    {file = "pygame-2.5.2-cp38-cp38-manylinux_2_17_aarch64.manylinux2014_aarch64.whl", hash = "sha256:4ff21201df6278b8ca2e948fb148ffe88f5481fd03760f381dd61e45954c7dff"},
    {file = "pygame-2.5.2-cp38-cp38-manylinux_2_17_i686.manylinux2014_i686.whl", hash = "sha256:d29a84b2e02814b9ba925357fd2e1df78efe5e1aa64dc3051eaed95d2b96eafd"},
    {file = "pygame-2.5.2-cp38-cp38-manylinux_2_17_x86_64.manylinux2014_x86_64.whl", hash = "sha256:d78485c4d21133d6b2fbb504cd544ca655e50b6eb551d2995b3aa6035928adda"},
    {file = "pygame-2.5.2-cp38-cp38-win32.whl", hash = "sha256:d851247239548aa357c4a6840fb67adc2d570ce7cb56988d036a723d26b48bff"},
    {file = "pygame-2.5.2-cp38-cp38-win_amd64.whl", hash = "sha256:88d1cdacc2d3471eceab98bf0c93c14d3a8461f93e58e3d926f20d4de3a75554"},
    {file = "pygame-2.5.2-cp39-cp39-macosx_10_9_x86_64.whl", hash = "sha256:4f1559e7efe4efb9dc19d2d811d702f325d9605f9f6f9ececa39ee6890c798f5"},
    {file = "pygame-2.5.2-cp39-cp39-macosx_11_0_arm64.whl", hash = "sha256:cf2191b756ceb0e8458a761d0c665b0c70b538570449e0d39b75a5ba94ac5cf0"},
    {file = "pygame-2.5.2-cp39-cp39-manylinux_2_17_aarch64.manylinux2014_aarch64.whl", hash = "sha256:6cf2257447ce7f2d6de37e5fb019d2bbe32ed05a5721ace8bc78c2d9beaf3aee"},
    {file = "pygame-2.5.2-cp39-cp39-manylinux_2_17_i686.manylinux2014_i686.whl", hash = "sha256:d75cbbfaba2b81434d62631d0b08b85fab16cf4a36e40b80298d3868927e1299"},
    {file = "pygame-2.5.2-cp39-cp39-manylinux_2_17_x86_64.manylinux2014_x86_64.whl", hash = "sha256:daca456d5b9f52e088e06a127dec182b3638a775684fb2260f25d664351cf1ae"},
    {file = "pygame-2.5.2-cp39-cp39-win32.whl", hash = "sha256:3b3e619e33d11c297d7a57a82db40681f9c2c3ae1d5bf06003520b4fe30c435d"},
    {file = "pygame-2.5.2-cp39-cp39-win_amd64.whl", hash = "sha256:1822d534bb7fe756804647b6da2c9ea5d7a62d8796b2e15d172d3be085de28c6"},
    {file = "pygame-2.5.2-pp36-pypy36_pp73-win32.whl", hash = "sha256:e708fc8f709a0fe1d1876489345f2e443d47f3976d33455e2e1e937f972f8677"},
    {file = "pygame-2.5.2-pp37-pypy37_pp73-manylinux_2_17_i686.manylinux2014_i686.whl", hash = "sha256:c13edebc43c240fb0532969e914f0ccefff5ae7e50b0b788d08ad2c15ef793e4"},
    {file = "pygame-2.5.2-pp37-pypy37_pp73-manylinux_2_17_x86_64.manylinux2014_x86_64.whl", hash = "sha256:263b4a7cbfc9fe2055abc21b0251cc17dea6dff750f0e1c598919ff350cdbffe"},
    {file = "pygame-2.5.2-pp38-pypy38_pp73-macosx_10_9_x86_64.whl", hash = "sha256:e58e2b0c791041e4bccafa5bd7650623ba1592b8fe62ae0a276b7d0ecb314b6c"},
    {file = "pygame-2.5.2-pp38-pypy38_pp73-manylinux_2_17_i686.manylinux2014_i686.whl", hash = "sha256:a0bd67426c02ffe6c9827fc4bcbda9442fbc451d29b17c83a3c088c56fef2c90"},
    {file = "pygame-2.5.2-pp38-pypy38_pp73-manylinux_2_17_x86_64.manylinux2014_x86_64.whl", hash = "sha256:9dcff6cbba1584cf7732ce1dbdd044406cd4f6e296d13bcb7fba963fb4aeefc9"},
    {file = "pygame-2.5.2-pp39-pypy39_pp73-macosx_10_9_x86_64.whl", hash = "sha256:ce4b6c0bfe44d00bb0998a6517bd0cf9455f642f30f91bc671ad41c05bf6f6ae"},
    {file = "pygame-2.5.2-pp39-pypy39_pp73-manylinux_2_17_i686.manylinux2014_i686.whl", hash = "sha256:68c4e8e60b725ffc7a6c6ecd9bb5fcc5ed2d6e0e2a2c4a29a8454856ef16ad63"},
    {file = "pygame-2.5.2-pp39-pypy39_pp73-manylinux_2_17_x86_64.manylinux2014_x86_64.whl", hash = "sha256:1f3849f97372a3381c66955f99a0d58485ccd513c3d00c030b869094ce6997a6"},
    {file = "pygame-2.5.2.tar.gz", hash = "sha256:c1b89eb5d539e7ac5cf75513125fb5f2f0a2d918b1fd6e981f23bf0ac1b1c24a"},
]

[[package]]
name = "pygame-ce"
version = "2.5.0"
description = "Python Game Development"
optional = false
python-versions = ">=3.8"
files = [
    {file = "pygame_ce-2.5.0-cp310-cp310-macosx_10_11_x86_64.whl", hash = "sha256:408fcfef84a93844c077b1cb7323886548426b2f074845998b43d2029440cd12"},
    {file = "pygame_ce-2.5.0-cp310-cp310-macosx_11_0_arm64.whl", hash = "sha256:7c45632bec67f6fffb2caa5b09511c2796b42c54680477e36253e9b4b3dee7ff"},
    {file = "pygame_ce-2.5.0-cp310-cp310-manylinux_2_17_aarch64.manylinux2014_aarch64.whl", hash = "sha256:d2bf7f4435c66b7f0f8a125c5e4c47a649b627954326f1258de7f2c9bf7e6c0b"},
    {file = "pygame_ce-2.5.0-cp310-cp310-manylinux_2_17_i686.manylinux2014_i686.whl", hash = "sha256:10a61373f1a98e483dee70b21a96f378167ae1a718a3995fce7acc7699059574"},
    {file = "pygame_ce-2.5.0-cp310-cp310-manylinux_2_17_x86_64.manylinux2014_x86_64.whl", hash = "sha256:ce200bec2d40eb15e29a948d7baa894c771fc77261f1a6511e90e99684f27148"},
    {file = "pygame_ce-2.5.0-cp310-cp310-win32.whl", hash = "sha256:9a3c8febec59a26e1be91250e6a040f10265f80f56132960329882df60a8f89b"},
    {file = "pygame_ce-2.5.0-cp310-cp310-win_amd64.whl", hash = "sha256:4a0b67a416190c3b774e9b740cf23a21ba27d2d679994378aa6c4bfa33317f69"},
    {file = "pygame_ce-2.5.0-cp311-cp311-macosx_10_11_x86_64.whl", hash = "sha256:2d6c7d931ed1fd68b5da213663bb8002ea688d5899f026dc4b73be9097c4e2a9"},
    {file = "pygame_ce-2.5.0-cp311-cp311-macosx_11_0_arm64.whl", hash = "sha256:e23dd76207308c4ecaa58cc417670924ba8327f325d61ca96aecc6915ebead22"},
    {file = "pygame_ce-2.5.0-cp311-cp311-manylinux_2_17_aarch64.manylinux2014_aarch64.whl", hash = "sha256:a7f8f251b53d0b0dc68095571f222478531093ac1aec0b96bcfe8551c32bc76d"},
    {file = "pygame_ce-2.5.0-cp311-cp311-manylinux_2_17_i686.manylinux2014_i686.whl", hash = "sha256:7b67975e22f2f0670de5b3570e08b2518d9daf7ed19af51441907ac9804d3e5a"},
    {file = "pygame_ce-2.5.0-cp311-cp311-manylinux_2_17_x86_64.manylinux2014_x86_64.whl", hash = "sha256:5ac59c88d520a0d5a57cf82b952b1b62839bc869757744d1c972ed036c05aad1"},
    {file = "pygame_ce-2.5.0-cp311-cp311-win32.whl", hash = "sha256:09cc46ffb45a2db64f8ee593bee09f883a57fa15936828d2c1d367853ed44bfa"},
    {file = "pygame_ce-2.5.0-cp311-cp311-win_amd64.whl", hash = "sha256:8d78324f2372d22bdb81485b1415b8a6e5c98d69bb65b3ee1bfb2a30f3e5f715"},
    {file = "pygame_ce-2.5.0-cp312-cp312-macosx_10_11_x86_64.whl", hash = "sha256:f20a4f82252e27d31dc111da807803d227f5b16877d904bf511a1cad7ec41596"},
    {file = "pygame_ce-2.5.0-cp312-cp312-macosx_11_0_arm64.whl", hash = "sha256:72f5abd7045d9158c9728ab84449c0eedaebecc56b3fa28b271f77f70c3127bb"},
    {file = "pygame_ce-2.5.0-cp312-cp312-manylinux_2_17_aarch64.manylinux2014_aarch64.whl", hash = "sha256:abef08bdf347b5ec33b98bb162c435749047e790db736594d6f4c85464cd7d35"},
    {file = "pygame_ce-2.5.0-cp312-cp312-manylinux_2_17_i686.manylinux2014_i686.whl", hash = "sha256:18f20596a118403bb9fd7c065aa5c1d846ff6248f2e49b3605ca08a09f73d7a6"},
    {file = "pygame_ce-2.5.0-cp312-cp312-manylinux_2_17_x86_64.manylinux2014_x86_64.whl", hash = "sha256:87ea2512b573e0706c0e3181d9a16dc9f8c71df8cf5dde31b7430f585cd39385"},
    {file = "pygame_ce-2.5.0-cp312-cp312-win32.whl", hash = "sha256:53a23cd31fa38b9908687c84b9d845669735476a10799323dc8adf050fc0b7c6"},
    {file = "pygame_ce-2.5.0-cp312-cp312-win_amd64.whl", hash = "sha256:2b290ca88e70c14b6a5184c54348334167bba35d2eb00c1c9a7e5179bcbaee40"},
    {file = "pygame_ce-2.5.0-cp38-cp38-macosx_10_11_x86_64.whl", hash = "sha256:ca6c3f72ecfc196d87bb53f186bfbd8bc45274aa6bb1265ad419cb2f5501c9df"},
    {file = "pygame_ce-2.5.0-cp38-cp38-macosx_11_0_arm64.whl", hash = "sha256:731dd171e7a54d13f6cb652862a37f32f141e39b18f2ba1e011f5166bd382059"},
    {file = "pygame_ce-2.5.0-cp38-cp38-manylinux_2_17_aarch64.manylinux2014_aarch64.whl", hash = "sha256:2647de29bc5bcd054504e0883663c91b2ffe8a7a10c7c0bce9968d3c06e75959"},
    {file = "pygame_ce-2.5.0-cp38-cp38-manylinux_2_17_i686.manylinux2014_i686.whl", hash = "sha256:48c59cd987870452b4bf26f8061147a509f0c97ee2f1d9f943c40c8f18102340"},
    {file = "pygame_ce-2.5.0-cp38-cp38-manylinux_2_17_x86_64.manylinux2014_x86_64.whl", hash = "sha256:70c90304aa37290d2fc10919871cf1d6ec894c016ef979c1ee3d1e868bda17b0"},
    {file = "pygame_ce-2.5.0-cp38-cp38-win32.whl", hash = "sha256:ef5fbe3f670d4efd6223d863bcd5cfa867167d86ca4c551b11754f748b7367b0"},
    {file = "pygame_ce-2.5.0-cp38-cp38-win_amd64.whl", hash = "sha256:f17aa8d52cfd0bc1f02b7a06c8020bedd2e4de9894ffddfd5642605ce7f92d9a"},
    {file = "pygame_ce-2.5.0-cp39-cp39-macosx_10_11_x86_64.whl", hash = "sha256:204d4b13f9ade51c175bacca7c88e0b0b525a8d9a3798c4d7a3b80553b21321f"},
    {file = "pygame_ce-2.5.0-cp39-cp39-macosx_11_0_arm64.whl", hash = "sha256:eefb3d308e87d9f9bcd568780dff7f3ef96029ad2bba5efae3dc2d147d6aca6e"},
    {file = "pygame_ce-2.5.0-cp39-cp39-manylinux_2_17_aarch64.manylinux2014_aarch64.whl", hash = "sha256:ba7cf80909a7c81eccc3ec8af65041be8f97f441ca3d4ac185cbe2d04cb557eb"},
    {file = "pygame_ce-2.5.0-cp39-cp39-manylinux_2_17_i686.manylinux2014_i686.whl", hash = "sha256:088a4201e16b43409f45b99c5c14bcb84810d09bb46d32a5b9f28eb674f65e03"},
    {file = "pygame_ce-2.5.0-cp39-cp39-manylinux_2_17_x86_64.manylinux2014_x86_64.whl", hash = "sha256:c6737a74be09ab94348f46dae3c6c97493e5928ff6d9e8ac58ce5cc7e5542738"},
    {file = "pygame_ce-2.5.0-cp39-cp39-win32.whl", hash = "sha256:ff2921a685ab0d5c1884b8a931963393b656d98ef9aad4274b5a1c7ad96c8994"},
    {file = "pygame_ce-2.5.0-cp39-cp39-win_amd64.whl", hash = "sha256:6ccc2deb07f457385595d2e77eee2ac6416e5b0e426a18f1d1bbd1600062d4f7"},
    {file = "pygame_ce-2.5.0-pp310-pypy310_pp73-macosx_10_11_x86_64.whl", hash = "sha256:38601022b200d87cd918e0d6d8c99b4e86a1e92e727c325dcaf8a59ad1c667a6"},
    {file = "pygame_ce-2.5.0-pp310-pypy310_pp73-manylinux_2_17_aarch64.manylinux2014_aarch64.whl", hash = "sha256:541df74359a42c254536d48e00b039e7c4ffad54c66b0471bb9f3480133c8b08"},
    {file = "pygame_ce-2.5.0-pp310-pypy310_pp73-manylinux_2_17_i686.manylinux2014_i686.whl", hash = "sha256:94c5e63b49b94d52ed8b60cd888fd119d2825a801356328b310e345854650fec"},
    {file = "pygame_ce-2.5.0-pp310-pypy310_pp73-manylinux_2_17_x86_64.manylinux2014_x86_64.whl", hash = "sha256:df482729ddd6fc45e8329e68d4bb05eb93c06d6527b15f5b2e14146c249b3025"},
    {file = "pygame_ce-2.5.0-pp310-pypy310_pp73-win_amd64.whl", hash = "sha256:eb8f4d3cc70c0ece2105017ffe710468a1cc70f0fbe63d71782f94a929097e88"},
    {file = "pygame_ce-2.5.0-pp38-pypy38_pp73-macosx_10_11_x86_64.whl", hash = "sha256:feb4cb900c7e788cffd1d1c8a9db7097809d974440cdd47871217a489f628604"},
    {file = "pygame_ce-2.5.0-pp38-pypy38_pp73-manylinux_2_17_aarch64.manylinux2014_aarch64.whl", hash = "sha256:8226dab63413dad487cd748cf959aa8c9dfdec9e12122347c2fb14493c7e697a"},
    {file = "pygame_ce-2.5.0-pp38-pypy38_pp73-manylinux_2_17_i686.manylinux2014_i686.whl", hash = "sha256:03503aa4059168a1c4d0c42b95b289496834ef3234d06d1a6e842ed34c32b797"},
    {file = "pygame_ce-2.5.0-pp38-pypy38_pp73-manylinux_2_17_x86_64.manylinux2014_x86_64.whl", hash = "sha256:c4063cb05e924771a90231561826790225a09d7de3f5ed9bef7de8460e9f5b48"},
    {file = "pygame_ce-2.5.0-pp38-pypy38_pp73-win_amd64.whl", hash = "sha256:98f271736e7a7b327bc88ce7e80129d7ea25869660224596a18220ae4e9e7e58"},
    {file = "pygame_ce-2.5.0-pp39-pypy39_pp73-macosx_10_11_x86_64.whl", hash = "sha256:eda9631ba4fa8a46f5c358abfc32473c50ed96408fa9031fdac98e2290a3e56f"},
    {file = "pygame_ce-2.5.0-pp39-pypy39_pp73-manylinux_2_17_aarch64.manylinux2014_aarch64.whl", hash = "sha256:f980f44f13eb178f719599f87f2f3b13afd0ef3ac796761797d16f45c68a15b8"},
    {file = "pygame_ce-2.5.0-pp39-pypy39_pp73-manylinux_2_17_i686.manylinux2014_i686.whl", hash = "sha256:2937ca1d80b40520621c3100c7a4dc47cc912c7f93450fc3dcb92be5e28135c5"},
    {file = "pygame_ce-2.5.0-pp39-pypy39_pp73-manylinux_2_17_x86_64.manylinux2014_x86_64.whl", hash = "sha256:6ef61b7d38b2764f457aaf7b0dcd5b38b2c896c7fb7dc9183254ee128fb280ef"},
    {file = "pygame_ce-2.5.0-pp39-pypy39_pp73-win_amd64.whl", hash = "sha256:60ce604fc29891746ecbe53aa5b1130e329b56e27aa8a6df8ef31fa6515f53e6"},
    {file = "pygame_ce-2.5.0.tar.gz", hash = "sha256:76d47c6b49237ffff7656e4bebc4032a89f6025b70bfad7cb0fb4be2bfdcbe77"},
]

[[package]]
name = "pygame-gui"
version = "0.6.9"
description = "A GUI module for pygame Community Edition"
optional = false
python-versions = ">=3.7"
files = [
    {file = "pygame_gui-0.6.9-py3-none-any.whl", hash = "sha256:562b5372052456b9517530db44b050f8cffc528662b8a29b6e74873a0c0f5e02"},
]

[package.dependencies]
pygame-ce = ">=2.1.4"
python-i18n = ">=0.3.9"

[[package]]
name = "pytest"
version = "7.4.4"
description = "pytest: simple powerful testing with Python"
optional = false
python-versions = ">=3.7"
files = [
    {file = "pytest-7.4.4-py3-none-any.whl", hash = "sha256:b090cdf5ed60bf4c45261be03239c2c1c22df034fbffe691abe93cd80cea01d8"},
    {file = "pytest-7.4.4.tar.gz", hash = "sha256:2cf0005922c6ace4a3e2ec8b4080eb0d9753fdc93107415332f50ce9e7994280"},
]

[package.dependencies]
colorama = {version = "*", markers = "sys_platform == \"win32\""}
iniconfig = "*"
packaging = "*"
pluggy = ">=0.12,<2.0"

[package.extras]
testing = ["argcomplete", "attrs (>=19.2.0)", "hypothesis (>=3.56)", "mock", "nose", "pygments (>=2.7.2)", "requests", "setuptools", "xmlschema"]

[[package]]
name = "python-i18n"
version = "0.3.9"
description = "Translation library for Python"
optional = false
python-versions = "*"
files = [
    {file = "python-i18n-0.3.9.tar.gz", hash = "sha256:df97f3d2364bf3a7ebfbd6cbefe8e45483468e52a9e30b909c6078f5f471e4e8"},
    {file = "python_i18n-0.3.9-py3-none-any.whl", hash = "sha256:bda5b8d889ebd51973e22e53746417bd32783c9bd6780fd27cadbb733915651d"},
]

[package.extras]
yaml = ["pyyaml (>=3.10)"]

[[package]]
name = "ruff"
version = "0.4.8"
description = "An extremely fast Python linter and code formatter, written in Rust."
optional = false
python-versions = ">=3.7"
files = [
    {file = "ruff-0.4.8-py3-none-macosx_10_12_x86_64.whl", hash = "sha256:7663a6d78f6adb0eab270fa9cf1ff2d28618ca3a652b60f2a234d92b9ec89066"},
    {file = "ruff-0.4.8-py3-none-macosx_11_0_arm64.whl", hash = "sha256:eeceb78da8afb6de0ddada93112869852d04f1cd0f6b80fe464fd4e35c330913"},
    {file = "ruff-0.4.8-py3-none-manylinux_2_17_aarch64.manylinux2014_aarch64.whl", hash = "sha256:aad360893e92486662ef3be0a339c5ca3c1b109e0134fcd37d534d4be9fb8de3"},
    {file = "ruff-0.4.8-py3-none-manylinux_2_17_armv7l.manylinux2014_armv7l.whl", hash = "sha256:284c2e3f3396fb05f5f803c9fffb53ebbe09a3ebe7dda2929ed8d73ded736deb"},
    {file = "ruff-0.4.8-py3-none-manylinux_2_17_i686.manylinux2014_i686.whl", hash = "sha256:a7354f921e3fbe04d2a62d46707e569f9315e1a613307f7311a935743c51a764"},
    {file = "ruff-0.4.8-py3-none-manylinux_2_17_ppc64.manylinux2014_ppc64.whl", hash = "sha256:72584676164e15a68a15778fd1b17c28a519e7a0622161eb2debdcdabdc71883"},
    {file = "ruff-0.4.8-py3-none-manylinux_2_17_ppc64le.manylinux2014_ppc64le.whl", hash = "sha256:9678d5c9b43315f323af2233a04d747409d1e3aa6789620083a82d1066a35199"},
    {file = "ruff-0.4.8-py3-none-manylinux_2_17_s390x.manylinux2014_s390x.whl", hash = "sha256:704977a658131651a22b5ebeb28b717ef42ac6ee3b11e91dc87b633b5d83142b"},
    {file = "ruff-0.4.8-py3-none-manylinux_2_17_x86_64.manylinux2014_x86_64.whl", hash = "sha256:d05f8d6f0c3cce5026cecd83b7a143dcad503045857bc49662f736437380ad45"},
    {file = "ruff-0.4.8-py3-none-musllinux_1_2_aarch64.whl", hash = "sha256:6ea874950daca5697309d976c9afba830d3bf0ed66887481d6bca1673fc5b66a"},
    {file = "ruff-0.4.8-py3-none-musllinux_1_2_armv7l.whl", hash = "sha256:fc95aac2943ddf360376be9aa3107c8cf9640083940a8c5bd824be692d2216dc"},
    {file = "ruff-0.4.8-py3-none-musllinux_1_2_i686.whl", hash = "sha256:384154a1c3f4bf537bac69f33720957ee49ac8d484bfc91720cc94172026ceed"},
    {file = "ruff-0.4.8-py3-none-musllinux_1_2_x86_64.whl", hash = "sha256:e9d5ce97cacc99878aa0d084c626a15cd21e6b3d53fd6f9112b7fc485918e1fa"},
    {file = "ruff-0.4.8-py3-none-win32.whl", hash = "sha256:6d795d7639212c2dfd01991259460101c22aabf420d9b943f153ab9d9706e6a9"},
    {file = "ruff-0.4.8-py3-none-win_amd64.whl", hash = "sha256:e14a3a095d07560a9d6769a72f781d73259655919d9b396c650fc98a8157555d"},
    {file = "ruff-0.4.8-py3-none-win_arm64.whl", hash = "sha256:14019a06dbe29b608f6b7cbcec300e3170a8d86efaddb7b23405cb7f7dcaf780"},
    {file = "ruff-0.4.8.tar.gz", hash = "sha256:16d717b1d57b2e2fd68bd0bf80fb43931b79d05a7131aa477d66fc40fbd86268"},
]

[[package]]
name = "typing-extensions"
version = "4.12.2"
description = "Backported and Experimental Type Hints for Python 3.8+"
optional = false
python-versions = ">=3.8"
files = [
    {file = "typing_extensions-4.12.2-py3-none-any.whl", hash = "sha256:04e5ca0351e0f3f85c6853954072df659d0d13fac324d0072316b67d7794700d"},
    {file = "typing_extensions-4.12.2.tar.gz", hash = "sha256:1a7ead55c7e559dd4dee8856e3a88b41225abfe1ce8df57b7c13915fe121ffb8"},
]

[metadata]
lock-version = "2.0"
python-versions = "^3.11"
content-hash = "a67b83ede44c5a8e9aeb835d6d709a4fb4510ec9efb7c3b3cc6a8962a81e3b73"
